{
  "pins" : [
    {
      "identity" : "placement",
      "kind" : "remoteSourceControl",
      "location" : "https://github.com/sampettersson/Placement.git",
      "state" : {
        "revision" : "fadaedb935677171383d5ce7d333ac761fe0d167",
        "version" : "1.3.6"
      }
    }
  ],
  "version" : 2
}
