{
  "pins" : [
    {
      "identity" : "placement",
      "kind" : "remoteSourceControl",
      "location" : "https://github.com/sampettersson/Placement.git",
      "state" : {
        "revision" : "c84f4f685126565a760d285992cc881d25a762da",
        "version" : "1.3.4"
      }
    }
  ],
  "version" : 2
}
