{
  "pins" : [
    {
      "identity" : "placement",
      "kind" : "remoteSourceControl",
      "location" : "https://github.com/sampettersson/Placement.git",
      "state" : {
        "revision" : "1402d89f277fc73e03969c3e92b578e6d1a4bff3",
        "version" : "1.1.1"
      }
    }
  ],
  "version" : 2
}
