{
  "pins" : [
    {
      "identity" : "placement",
      "kind" : "remoteSourceControl",
      "location" : "https://github.com/sampettersson/Placement.git",
      "state" : {
        "revision" : "364cf838a8c68aa982ee7969e7f8b782e10d9b62",
        "version" : "1.3.2"
      }
    }
  ],
  "version" : 2
}
