{
  "pins" : [
    {
      "identity" : "placement",
      "kind" : "remoteSourceControl",
      "location" : "https://github.com/sampettersson/Placement.git",
      "state" : {
        "revision" : "8c4f4e83780cd1dcf749db5808193aa353599f62",
        "version" : "1.2.1"
      }
    }
  ],
  "version" : 2
}
