// !$*UTF8*$!
{
	archiveVersion = 1;
	classes = {
	};
	objectVersion = 55;
	objects = {

/* Begin PBXBuildFile section */
		EB38169B28B4FCF9009ADBA3 /* CenterContent.swift in Sources */ = {isa = PBXBuildFile; fileRef = EB38169A28B4FCF9009ADBA3 /* CenterContent.swift */; };
		EB60548928AFA162006AFE77 /* Helpers.swift in Sources */ = {isa = PBXBuildFile; fileRef = EB60547A28AFA162006AFE77 /* Helpers.swift */; };
		EB60548A28AFA162006AFE77 /* Size.swift in Sources */ = {isa = PBXBuildFile; fileRef = EB60547B28AFA162006AFE77 /* Size.swift */; };
		EB60548B28AFA162006AFE77 /* Edges.swift in Sources */ = {isa = PBXBuildFile; fileRef = EB60547C28AFA162006AFE77 /* Edges.swift */; };
		EB60548C28AFA162006AFE77 /* Style.swift in Sources */ = {isa = PBXBuildFile; fileRef = EB60547D28AFA162006AFE77 /* Style.swift */; };
		EB60548D28AFA162006AFE77 /* Layout.swift in Sources */ = {isa = PBXBuildFile; fileRef = EB60547E28AFA162006AFE77 /* Layout.swift */; };
		EB6054E028AFA183006AFE77 /* FlexboxSwiftUI.framework in Frameworks */ = {isa = PBXBuildFile; fileRef = EB60546C28AFA146006AFE77 /* FlexboxSwiftUI.framework */; platformFilter = ios; };
		EB6054ED28AFA1A5006AFE77 /* DemoApp.swift in Sources */ = {isa = PBXBuildFile; fileRef = EB6054EC28AFA1A5006AFE77 /* DemoApp.swift */; };
		EB6054F128AFA1A5006AFE77 /* Assets.xcassets in Resources */ = {isa = PBXBuildFile; fileRef = EB6054F028AFA1A5006AFE77 /* Assets.xcassets */; };
		EB6054F428AFA1A5006AFE77 /* Preview Assets.xcassets in Resources */ = {isa = PBXBuildFile; fileRef = EB6054F328AFA1A5006AFE77 /* Preview Assets.xcassets */; };
		EB6054FA28AFA1BE006AFE77 /* FlexDirectionTests.swift in Sources */ = {isa = PBXBuildFile; fileRef = EB60549A28AFA166006AFE77 /* FlexDirectionTests.swift */; };
		EB6054FB28AFA1BE006AFE77 /* FlexGrowTests.swift in Sources */ = {isa = PBXBuildFile; fileRef = EB60549E28AFA166006AFE77 /* FlexGrowTests.swift */; };
		EB6054FC28AFA1BE006AFE77 /* Utils.swift in Sources */ = {isa = PBXBuildFile; fileRef = EB60549B28AFA166006AFE77 /* Utils.swift */; };
		EB6054FD28AFA1BE006AFE77 /* FlexButtonTests.swift in Sources */ = {isa = PBXBuildFile; fileRef = EB60549F28AFA166006AFE77 /* FlexButtonTests.swift */; };
		EB6054FE28AFA1BE006AFE77 /* Inspection.swift in Sources */ = {isa = PBXBuildFile; fileRef = EB60549D28AFA166006AFE77 /* Inspection.swift */; };
		EB6054FF28AFA1BE006AFE77 /* FlexTextTests.swift in Sources */ = {isa = PBXBuildFile; fileRef = EB6054A028AFA166006AFE77 /* FlexTextTests.swift */; };
		EB60550028AFA1BE006AFE77 /* FlexMarginTests.swift in Sources */ = {isa = PBXBuildFile; fileRef = EB60549C28AFA166006AFE77 /* FlexMarginTests.swift */; };
		EB60550128AFA1BE006AFE77 /* FlexSizeTests.swift in Sources */ = {isa = PBXBuildFile; fileRef = EB60549628AFA166006AFE77 /* FlexSizeTests.swift */; };
		EB60550228AFA1BE006AFE77 /* FlexPaddingTests.swift in Sources */ = {isa = PBXBuildFile; fileRef = EB60549828AFA166006AFE77 /* FlexPaddingTests.swift */; };
		EB60550328AFA1BE006AFE77 /* FlexDynamicSizingTests.swift in Sources */ = {isa = PBXBuildFile; fileRef = EB60549928AFA166006AFE77 /* FlexDynamicSizingTests.swift */; };
		EB60550428AFA1BE006AFE77 /* FlexJustifyContentTests.swift in Sources */ = {isa = PBXBuildFile; fileRef = EB60549728AFA166006AFE77 /* FlexJustifyContentTests.swift */; };
		EB60551028AFA212006AFE77 /* SnapshotTesting in Frameworks */ = {isa = PBXBuildFile; productRef = EB60550F28AFA212006AFE77 /* SnapshotTesting */; };
		EB60551228AFA214006AFE77 /* ViewInspector in Frameworks */ = {isa = PBXBuildFile; productRef = EB60551128AFA214006AFE77 /* ViewInspector */; };
		EB60552928AFA272006AFE77 /* FlexboxSwiftUIObjC.framework in Frameworks */ = {isa = PBXBuildFile; fileRef = EB60552328AFA272006AFE77 /* FlexboxSwiftUIObjC.framework */; };
		EB60552A28AFA272006AFE77 /* FlexboxSwiftUIObjC.framework in Embed Frameworks */ = {isa = PBXBuildFile; fileRef = EB60552328AFA272006AFE77 /* FlexboxSwiftUIObjC.framework */; settings = {ATTRIBUTES = (CodeSignOnCopy, RemoveHeadersOnCopy, ); }; };
		EB60552F28AFA27D006AFE77 /* NodeImpl.h in Headers */ = {isa = PBXBuildFile; fileRef = EB60548328AFA162006AFE77 /* NodeImpl.h */; settings = {ATTRIBUTES = (Public, ); }; };
		EB60553528AFA2B7006AFE77 /* FlexboxSwiftUI.framework in Frameworks */ = {isa = PBXBuildFile; fileRef = EB60546C28AFA146006AFE77 /* FlexboxSwiftUI.framework */; };
		EB60553928AFA365006AFE77 /* FlexboxSwiftUIObjC.framework in Frameworks */ = {isa = PBXBuildFile; fileRef = EB60552328AFA272006AFE77 /* FlexboxSwiftUIObjC.framework */; };
		EB60553A28AFA365006AFE77 /* FlexboxSwiftUIObjC.framework in Embed Frameworks */ = {isa = PBXBuildFile; fileRef = EB60552328AFA272006AFE77 /* FlexboxSwiftUIObjC.framework */; settings = {ATTRIBUTES = (CodeSignOnCopy, RemoveHeadersOnCopy, ); }; };
		EB60553D28AFAD68006AFE77 /* ViewThatChangesHeight.swift in Sources */ = {isa = PBXBuildFile; fileRef = EB60553C28AFAD68006AFE77 /* ViewThatChangesHeight.swift */; };
		EB60554928B00E5D006AFE77 /* TransferEnvironment.swift in Sources */ = {isa = PBXBuildFile; fileRef = EB60554728B00E15006AFE77 /* TransferEnvironment.swift */; };
		EB72CD2828BE23D8009AEAE1 /* NodeImplPreferenceKey.swift in Sources */ = {isa = PBXBuildFile; fileRef = EB72CD2728BE23D8009AEAE1 /* NodeImplPreferenceKey.swift */; };
		EB72CD2A28BF3D44009AEAE1 /* CIAssertSnapshot.swift in Sources */ = {isa = PBXBuildFile; fileRef = EB72CD2928BF3D44009AEAE1 /* CIAssertSnapshot.swift */; };
		EB72CDD028BF618D009AEAE1 /* YGMacros.h in Headers */ = {isa = PBXBuildFile; fileRef = EB72CDAA28BF618C009AEAE1 /* YGMacros.h */; settings = {ATTRIBUTES = (Public, ); }; };
		EB72CDD128BF618D009AEAE1 /* YGStyle.cpp in Sources */ = {isa = PBXBuildFile; fileRef = EB72CDAB28BF618C009AEAE1 /* YGStyle.cpp */; };
		EB72CDD228BF618D009AEAE1 /* YGStyle.h in Headers */ = {isa = PBXBuildFile; fileRef = EB72CDAC28BF618C009AEAE1 /* YGStyle.h */; settings = {ATTRIBUTES = (Public, ); }; };
		EB72CDD328BF618D009AEAE1 /* Yoga.cpp in Sources */ = {isa = PBXBuildFile; fileRef = EB72CDAD28BF618C009AEAE1 /* Yoga.cpp */; };
		EB72CDD528BF618D009AEAE1 /* event.h in Headers */ = {isa = PBXBuildFile; fileRef = EB72CDB028BF618C009AEAE1 /* event.h */; settings = {ATTRIBUTES = (Public, ); }; };
		EB72CDD628BF618D009AEAE1 /* event.cpp in Sources */ = {isa = PBXBuildFile; fileRef = EB72CDB128BF618C009AEAE1 /* event.cpp */; };
		EB72CDD728BF618D009AEAE1 /* log.cpp in Sources */ = {isa = PBXBuildFile; fileRef = EB72CDB228BF618C009AEAE1 /* log.cpp */; };
		EB72CDD828BF618D009AEAE1 /* YGValue.h in Headers */ = {isa = PBXBuildFile; fileRef = EB72CDB328BF618C009AEAE1 /* YGValue.h */; settings = {ATTRIBUTES = (Public, ); }; };
		EB72CDD928BF618D009AEAE1 /* YGEnums.h in Headers */ = {isa = PBXBuildFile; fileRef = EB72CDB428BF618C009AEAE1 /* YGEnums.h */; settings = {ATTRIBUTES = (Public, ); }; };
		EB72CDDA28BF618D009AEAE1 /* YGNodePrint.cpp in Sources */ = {isa = PBXBuildFile; fileRef = EB72CDB528BF618C009AEAE1 /* YGNodePrint.cpp */; };
		EB72CDDB28BF618D009AEAE1 /* CompactValue.h in Headers */ = {isa = PBXBuildFile; fileRef = EB72CDB628BF618C009AEAE1 /* CompactValue.h */; settings = {ATTRIBUTES = (Private, ); }; };
		EB72CDDC28BF618D009AEAE1 /* YGLayout.h in Headers */ = {isa = PBXBuildFile; fileRef = EB72CDB728BF618C009AEAE1 /* YGLayout.h */; settings = {ATTRIBUTES = (Public, ); }; };
		EB72CDDE28BF618D009AEAE1 /* YGNodePrint.h in Headers */ = {isa = PBXBuildFile; fileRef = EB72CDB928BF618C009AEAE1 /* YGNodePrint.h */; settings = {ATTRIBUTES = (Public, ); }; };
		EB72CDDF28BF618D009AEAE1 /* NodeImpl.m in Sources */ = {isa = PBXBuildFile; fileRef = EB72CDBA28BF618C009AEAE1 /* NodeImpl.m */; };
		EB72CDE028BF618D009AEAE1 /* YGLayout.cpp in Sources */ = {isa = PBXBuildFile; fileRef = EB72CDBB28BF618C009AEAE1 /* YGLayout.cpp */; };
		EB72CDE128BF618D009AEAE1 /* YGFloatOptional.h in Headers */ = {isa = PBXBuildFile; fileRef = EB72CDBC28BF618C009AEAE1 /* YGFloatOptional.h */; settings = {ATTRIBUTES = (Public, ); }; };
		EB72CDE228BF618D009AEAE1 /* YGNode.h in Headers */ = {isa = PBXBuildFile; fileRef = EB72CDBD28BF618C009AEAE1 /* YGNode.h */; settings = {ATTRIBUTES = (Public, ); }; };
		EB72CDE328BF618D009AEAE1 /* YGConfig.cpp in Sources */ = {isa = PBXBuildFile; fileRef = EB72CDBE28BF618C009AEAE1 /* YGConfig.cpp */; };
		EB72CDE428BF618D009AEAE1 /* log.h in Headers */ = {isa = PBXBuildFile; fileRef = EB72CDC128BF618C009AEAE1 /* log.h */; settings = {ATTRIBUTES = (Public, ); }; };
		EB72CDE528BF618D009AEAE1 /* Utils.h in Headers */ = {isa = PBXBuildFile; fileRef = EB72CDC228BF618C009AEAE1 /* Utils.h */; settings = {ATTRIBUTES = (Public, ); }; };
		EB72CDE628BF618D009AEAE1 /* YGConfig.h in Headers */ = {isa = PBXBuildFile; fileRef = EB72CDC328BF618C009AEAE1 /* YGConfig.h */; settings = {ATTRIBUTES = (Public, ); }; };
		EB72CDE728BF618D009AEAE1 /* BitUtils.h in Headers */ = {isa = PBXBuildFile; fileRef = EB72CDC428BF618C009AEAE1 /* BitUtils.h */; settings = {ATTRIBUTES = (Public, ); }; };
		EB72CDE928BF618D009AEAE1 /* experiments.cpp in Sources */ = {isa = PBXBuildFile; fileRef = EB72CDC728BF618D009AEAE1 /* experiments.cpp */; };
		EB72CDEA28BF618D009AEAE1 /* experiments-inl.h in Headers */ = {isa = PBXBuildFile; fileRef = EB72CDC828BF618D009AEAE1 /* experiments-inl.h */; settings = {ATTRIBUTES = (Public, ); }; };
		EB72CDEB28BF618D009AEAE1 /* experiments.h in Headers */ = {isa = PBXBuildFile; fileRef = EB72CDC928BF618D009AEAE1 /* experiments.h */; settings = {ATTRIBUTES = (Public, ); }; };
		EB72CDEC28BF618D009AEAE1 /* YGEnums.cpp in Sources */ = {isa = PBXBuildFile; fileRef = EB72CDCA28BF618D009AEAE1 /* YGEnums.cpp */; };
		EB72CDED28BF618D009AEAE1 /* Yoga-internal.h in Headers */ = {isa = PBXBuildFile; fileRef = EB72CDCB28BF618D009AEAE1 /* Yoga-internal.h */; settings = {ATTRIBUTES = (Public, ); }; };
		EB72CDEE28BF618D009AEAE1 /* Yoga.h in Headers */ = {isa = PBXBuildFile; fileRef = EB72CDCC28BF618D009AEAE1 /* Yoga.h */; settings = {ATTRIBUTES = (Public, ); }; };
		EB72CDEF28BF618D009AEAE1 /* YGNode.cpp in Sources */ = {isa = PBXBuildFile; fileRef = EB72CDCD28BF618D009AEAE1 /* YGNode.cpp */; };
		EB72CDF028BF618D009AEAE1 /* Utils.cpp in Sources */ = {isa = PBXBuildFile; fileRef = EB72CDCE28BF618D009AEAE1 /* Utils.cpp */; };
		EB72CDF128BF618D009AEAE1 /* YGValue.cpp in Sources */ = {isa = PBXBuildFile; fileRef = EB72CDCF28BF618D009AEAE1 /* YGValue.cpp */; };
		EB72CE0528C48145009AEAE1 /* FlexboxSwiftUIObjC.h in Headers */ = {isa = PBXBuildFile; fileRef = EB72CDAE28BF618C009AEAE1 /* FlexboxSwiftUIObjC.h */; settings = {ATTRIBUTES = (Public, ); }; };
		EB72CE0628C48156009AEAE1 /* FlexboxSwiftUIObjC.h in Sources */ = {isa = PBXBuildFile; fileRef = EB72CDAE28BF618C009AEAE1 /* FlexboxSwiftUIObjC.h */; };
		EB72CE0828C4824E009AEAE1 /* Yoga-umbrella.h in Headers */ = {isa = PBXBuildFile; fileRef = EB72CE0728C4824D009AEAE1 /* Yoga-umbrella.h */; };
		EB72CE0928C48262009AEAE1 /* Yoga-umbrella.h in Headers */ = {isa = PBXBuildFile; fileRef = EB72CE0728C4824D009AEAE1 /* Yoga-umbrella.h */; settings = {ATTRIBUTES = (Public, ); }; };
		EB75B1BE28B9343D003E56F9 /* ProposedSize.swift in Sources */ = {isa = PBXBuildFile; fileRef = EB75B1BD28B9343D003E56F9 /* ProposedSize.swift */; };
		EB75B1C928BB9E10003E56F9 /* FlexItem.swift in Sources */ = {isa = PBXBuildFile; fileRef = EB75B1C828BB9E10003E56F9 /* FlexItem.swift */; };
		EB75B1CD28BB9F6E003E56F9 /* VaradicFlexItems.swift in Sources */ = {isa = PBXBuildFile; fileRef = EB75B1CC28BB9F6E003E56F9 /* VaradicFlexItems.swift */; };
		EB75B1CF28BB9FAB003E56F9 /* SizeReadable.swift in Sources */ = {isa = PBXBuildFile; fileRef = EB75B1CE28BB9FAB003E56F9 /* SizeReadable.swift */; };
		EB75B1D128BB9FF4003E56F9 /* FlexCoordinator.swift in Sources */ = {isa = PBXBuildFile; fileRef = EB75B1D028BB9FF4003E56F9 /* FlexCoordinator.swift */; };
		EB75B1D728BBB6B3003E56F9 /* LayoutViewModifier.swift in Sources */ = {isa = PBXBuildFile; fileRef = EB75B1D628BBB6B3003E56F9 /* LayoutViewModifier.swift */; };
		EB75B1D928BBCDC0003E56F9 /* FlexStyle.swift in Sources */ = {isa = PBXBuildFile; fileRef = EB75B1D828BBCDC0003E56F9 /* FlexStyle.swift */; };
		EB75B1DD28BBDF90003E56F9 /* FlexStack.swift in Sources */ = {isa = PBXBuildFile; fileRef = EB75B1DC28BBDF90003E56F9 /* FlexStack.swift */; };
		EB75B1DF28BBE21B003E56F9 /* SizeReaderView.swift in Sources */ = {isa = PBXBuildFile; fileRef = EB75B1DE28BBE21B003E56F9 /* SizeReaderView.swift */; };
		EB75B1E128BCBDF5003E56F9 /* NodeChildHolder.swift in Sources */ = {isa = PBXBuildFile; fileRef = EB75B1E028BCBDF5003E56F9 /* NodeChildHolder.swift */; };
		EB93F78A28B37C8D00867768 /* DemoScreen.swift in Sources */ = {isa = PBXBuildFile; fileRef = EB93F78928B37C8D00867768 /* DemoScreen.swift */; };
		EB93F78C28B382E000867768 /* Padding.swift in Sources */ = {isa = PBXBuildFile; fileRef = EB93F78B28B382E000867768 /* Padding.swift */; };
		EBB30E6028BCD1D20044BE84 /* NodeSizeUpdater.swift in Sources */ = {isa = PBXBuildFile; fileRef = EBB30E5F28BCD1D20044BE84 /* NodeSizeUpdater.swift */; };
		EBE887D228B3738C006F7EB0 /* JustifyContent.swift in Sources */ = {isa = PBXBuildFile; fileRef = EBE887D128B3738C006F7EB0 /* JustifyContent.swift */; };
		EBE887D428B3760A006F7EB0 /* LotsOfNodes.swift in Sources */ = {isa = PBXBuildFile; fileRef = EBE887D328B3760A006F7EB0 /* LotsOfNodes.swift */; };
		EBE887D628B3780B006F7EB0 /* DynamicHeightText.swift in Sources */ = {isa = PBXBuildFile; fileRef = EBE887D528B3780B006F7EB0 /* DynamicHeightText.swift */; };
		EBE887D828B37B15006F7EB0 /* AnimatedHeightChange.swift in Sources */ = {isa = PBXBuildFile; fileRef = EBE887D728B37B15006F7EB0 /* AnimatedHeightChange.swift */; };
/* End PBXBuildFile section */

/* Begin PBXContainerItemProxy section */
		EB6054E128AFA183006AFE77 /* PBXContainerItemProxy */ = {
			isa = PBXContainerItemProxy;
			containerPortal = EB60546328AFA146006AFE77 /* Project object */;
			proxyType = 1;
			remoteGlobalIDString = EB60546B28AFA146006AFE77;
			remoteInfo = FlexboxSwiftUI;
		};
		EB6054F828AFA1B0006AFE77 /* PBXContainerItemProxy */ = {
			isa = PBXContainerItemProxy;
			containerPortal = EB60546328AFA146006AFE77 /* Project object */;
			proxyType = 1;
			remoteGlobalIDString = EB6054E928AFA1A5006AFE77;
			remoteInfo = Demo;
		};
		EB60552728AFA272006AFE77 /* PBXContainerItemProxy */ = {
			isa = PBXContainerItemProxy;
			containerPortal = EB60546328AFA146006AFE77 /* Project object */;
			proxyType = 1;
			remoteGlobalIDString = EB60552228AFA272006AFE77;
			remoteInfo = FlexboxSwiftUIObjC;
		};
		EB60553728AFA35E006AFE77 /* PBXContainerItemProxy */ = {
			isa = PBXContainerItemProxy;
			containerPortal = EB60546328AFA146006AFE77 /* Project object */;
			proxyType = 1;
			remoteGlobalIDString = EB60552228AFA272006AFE77;
			remoteInfo = FlexboxSwiftUIObjC;
		};
/* End PBXContainerItemProxy section */

/* Begin PBXCopyFilesBuildPhase section */
		EB60552E28AFA272006AFE77 /* Embed Frameworks */ = {
			isa = PBXCopyFilesBuildPhase;
			buildActionMask = 2147483647;
			dstPath = "";
			dstSubfolderSpec = 10;
			files = (
				EB60552A28AFA272006AFE77 /* FlexboxSwiftUIObjC.framework in Embed Frameworks */,
			);
			name = "Embed Frameworks";
			runOnlyForDeploymentPostprocessing = 0;
		};
		EB60553B28AFA365006AFE77 /* Embed Frameworks */ = {
			isa = PBXCopyFilesBuildPhase;
			buildActionMask = 2147483647;
			dstPath = "";
			dstSubfolderSpec = 10;
			files = (
				EB60553A28AFA365006AFE77 /* FlexboxSwiftUIObjC.framework in Embed Frameworks */,
			);
			name = "Embed Frameworks";
			runOnlyForDeploymentPostprocessing = 0;
		};
/* End PBXCopyFilesBuildPhase section */

/* Begin PBXFileReference section */
		EB38169A28B4FCF9009ADBA3 /* CenterContent.swift */ = {isa = PBXFileReference; lastKnownFileType = sourcecode.swift; path = CenterContent.swift; sourceTree = "<group>"; };
		EB60546C28AFA146006AFE77 /* FlexboxSwiftUI.framework */ = {isa = PBXFileReference; explicitFileType = wrapper.framework; includeInIndex = 0; path = FlexboxSwiftUI.framework; sourceTree = BUILT_PRODUCTS_DIR; };
		EB60547A28AFA162006AFE77 /* Helpers.swift */ = {isa = PBXFileReference; fileEncoding = 4; lastKnownFileType = sourcecode.swift; path = Helpers.swift; sourceTree = "<group>"; };
		EB60547B28AFA162006AFE77 /* Size.swift */ = {isa = PBXFileReference; fileEncoding = 4; lastKnownFileType = sourcecode.swift; path = Size.swift; sourceTree = "<group>"; };
		EB60547C28AFA162006AFE77 /* Edges.swift */ = {isa = PBXFileReference; fileEncoding = 4; lastKnownFileType = sourcecode.swift; path = Edges.swift; sourceTree = "<group>"; };
		EB60547D28AFA162006AFE77 /* Style.swift */ = {isa = PBXFileReference; fileEncoding = 4; lastKnownFileType = sourcecode.swift; path = Style.swift; sourceTree = "<group>"; };
		EB60547E28AFA162006AFE77 /* Layout.swift */ = {isa = PBXFileReference; fileEncoding = 4; lastKnownFileType = sourcecode.swift; path = Layout.swift; sourceTree = "<group>"; };
		EB60548328AFA162006AFE77 /* NodeImpl.h */ = {isa = PBXFileReference; fileEncoding = 4; lastKnownFileType = sourcecode.c.h; path = NodeImpl.h; sourceTree = "<group>"; };
		EB60548728AFA162006AFE77 /* NodeImpl.m */ = {isa = PBXFileReference; fileEncoding = 4; lastKnownFileType = sourcecode.c.objc; path = NodeImpl.m; sourceTree = "<group>"; };
		EB60549628AFA166006AFE77 /* FlexSizeTests.swift */ = {isa = PBXFileReference; fileEncoding = 4; lastKnownFileType = sourcecode.swift; path = FlexSizeTests.swift; sourceTree = "<group>"; };
		EB60549728AFA166006AFE77 /* FlexJustifyContentTests.swift */ = {isa = PBXFileReference; fileEncoding = 4; lastKnownFileType = sourcecode.swift; path = FlexJustifyContentTests.swift; sourceTree = "<group>"; };
		EB60549828AFA166006AFE77 /* FlexPaddingTests.swift */ = {isa = PBXFileReference; fileEncoding = 4; lastKnownFileType = sourcecode.swift; path = FlexPaddingTests.swift; sourceTree = "<group>"; };
		EB60549928AFA166006AFE77 /* FlexDynamicSizingTests.swift */ = {isa = PBXFileReference; fileEncoding = 4; lastKnownFileType = sourcecode.swift; path = FlexDynamicSizingTests.swift; sourceTree = "<group>"; };
		EB60549A28AFA166006AFE77 /* FlexDirectionTests.swift */ = {isa = PBXFileReference; fileEncoding = 4; lastKnownFileType = sourcecode.swift; path = FlexDirectionTests.swift; sourceTree = "<group>"; };
		EB60549B28AFA166006AFE77 /* Utils.swift */ = {isa = PBXFileReference; fileEncoding = 4; lastKnownFileType = sourcecode.swift; path = Utils.swift; sourceTree = "<group>"; };
		EB60549C28AFA166006AFE77 /* FlexMarginTests.swift */ = {isa = PBXFileReference; fileEncoding = 4; lastKnownFileType = sourcecode.swift; path = FlexMarginTests.swift; sourceTree = "<group>"; };
		EB60549D28AFA166006AFE77 /* Inspection.swift */ = {isa = PBXFileReference; fileEncoding = 4; lastKnownFileType = sourcecode.swift; path = Inspection.swift; sourceTree = "<group>"; };
		EB60549E28AFA166006AFE77 /* FlexGrowTests.swift */ = {isa = PBXFileReference; fileEncoding = 4; lastKnownFileType = sourcecode.swift; path = FlexGrowTests.swift; sourceTree = "<group>"; };
		EB60549F28AFA166006AFE77 /* FlexButtonTests.swift */ = {isa = PBXFileReference; fileEncoding = 4; lastKnownFileType = sourcecode.swift; path = FlexButtonTests.swift; sourceTree = "<group>"; };
		EB6054A028AFA166006AFE77 /* FlexTextTests.swift */ = {isa = PBXFileReference; fileEncoding = 4; lastKnownFileType = sourcecode.swift; path = FlexTextTests.swift; sourceTree = "<group>"; };
		EB6054DC28AFA183006AFE77 /* FlexboxSwiftUITests.xctest */ = {isa = PBXFileReference; explicitFileType = wrapper.cfbundle; includeInIndex = 0; path = FlexboxSwiftUITests.xctest; sourceTree = BUILT_PRODUCTS_DIR; };
		EB6054EA28AFA1A5006AFE77 /* Demo.app */ = {isa = PBXFileReference; explicitFileType = wrapper.application; includeInIndex = 0; path = Demo.app; sourceTree = BUILT_PRODUCTS_DIR; };
		EB6054EC28AFA1A5006AFE77 /* DemoApp.swift */ = {isa = PBXFileReference; lastKnownFileType = sourcecode.swift; path = DemoApp.swift; sourceTree = "<group>"; };
		EB6054F028AFA1A5006AFE77 /* Assets.xcassets */ = {isa = PBXFileReference; lastKnownFileType = folder.assetcatalog; path = Assets.xcassets; sourceTree = "<group>"; };
		EB6054F328AFA1A5006AFE77 /* Preview Assets.xcassets */ = {isa = PBXFileReference; lastKnownFileType = folder.assetcatalog; path = "Preview Assets.xcassets"; sourceTree = "<group>"; };
		EB60552328AFA272006AFE77 /* FlexboxSwiftUIObjC.framework */ = {isa = PBXFileReference; explicitFileType = wrapper.framework; includeInIndex = 0; path = FlexboxSwiftUIObjC.framework; sourceTree = BUILT_PRODUCTS_DIR; };
		EB60553C28AFAD68006AFE77 /* ViewThatChangesHeight.swift */ = {isa = PBXFileReference; lastKnownFileType = sourcecode.swift; path = ViewThatChangesHeight.swift; sourceTree = "<group>"; };
		EB60554728B00E15006AFE77 /* TransferEnvironment.swift */ = {isa = PBXFileReference; lastKnownFileType = sourcecode.swift; path = TransferEnvironment.swift; sourceTree = "<group>"; };
		EB72CD2728BE23D8009AEAE1 /* NodeImplPreferenceKey.swift */ = {isa = PBXFileReference; lastKnownFileType = sourcecode.swift; path = NodeImplPreferenceKey.swift; sourceTree = "<group>"; };
		EB72CD2928BF3D44009AEAE1 /* CIAssertSnapshot.swift */ = {isa = PBXFileReference; lastKnownFileType = sourcecode.swift; path = CIAssertSnapshot.swift; sourceTree = "<group>"; };
		EB72CDAA28BF618C009AEAE1 /* YGMacros.h */ = {isa = PBXFileReference; fileEncoding = 4; lastKnownFileType = sourcecode.c.h; path = YGMacros.h; sourceTree = "<group>"; };
		EB72CDAB28BF618C009AEAE1 /* YGStyle.cpp */ = {isa = PBXFileReference; fileEncoding = 4; lastKnownFileType = sourcecode.cpp.cpp; path = YGStyle.cpp; sourceTree = "<group>"; };
		EB72CDAC28BF618C009AEAE1 /* YGStyle.h */ = {isa = PBXFileReference; fileEncoding = 4; lastKnownFileType = sourcecode.c.h; path = YGStyle.h; sourceTree = "<group>"; };
		EB72CDAD28BF618C009AEAE1 /* Yoga.cpp */ = {isa = PBXFileReference; fileEncoding = 4; lastKnownFileType = sourcecode.cpp.cpp; path = Yoga.cpp; sourceTree = "<group>"; };
		EB72CDAE28BF618C009AEAE1 /* FlexboxSwiftUIObjC.h */ = {isa = PBXFileReference; fileEncoding = 4; lastKnownFileType = sourcecode.c.h; path = FlexboxSwiftUIObjC.h; sourceTree = "<group>"; };
		EB72CDB028BF618C009AEAE1 /* event.h */ = {isa = PBXFileReference; fileEncoding = 4; lastKnownFileType = sourcecode.c.h; path = event.h; sourceTree = "<group>"; };
		EB72CDB128BF618C009AEAE1 /* event.cpp */ = {isa = PBXFileReference; fileEncoding = 4; lastKnownFileType = sourcecode.cpp.cpp; path = event.cpp; sourceTree = "<group>"; };
		EB72CDB228BF618C009AEAE1 /* log.cpp */ = {isa = PBXFileReference; fileEncoding = 4; lastKnownFileType = sourcecode.cpp.cpp; path = log.cpp; sourceTree = "<group>"; };
		EB72CDB328BF618C009AEAE1 /* YGValue.h */ = {isa = PBXFileReference; fileEncoding = 4; lastKnownFileType = sourcecode.c.h; path = YGValue.h; sourceTree = "<group>"; };
		EB72CDB428BF618C009AEAE1 /* YGEnums.h */ = {isa = PBXFileReference; fileEncoding = 4; lastKnownFileType = sourcecode.c.h; path = YGEnums.h; sourceTree = "<group>"; };
		EB72CDB528BF618C009AEAE1 /* YGNodePrint.cpp */ = {isa = PBXFileReference; fileEncoding = 4; lastKnownFileType = sourcecode.cpp.cpp; path = YGNodePrint.cpp; sourceTree = "<group>"; };
		EB72CDB628BF618C009AEAE1 /* CompactValue.h */ = {isa = PBXFileReference; fileEncoding = 4; lastKnownFileType = sourcecode.c.h; path = CompactValue.h; sourceTree = "<group>"; };
		EB72CDB728BF618C009AEAE1 /* YGLayout.h */ = {isa = PBXFileReference; fileEncoding = 4; lastKnownFileType = sourcecode.c.h; path = YGLayout.h; sourceTree = "<group>"; };
		EB72CDB828BF618C009AEAE1 /* NodeImpl.h */ = {isa = PBXFileReference; fileEncoding = 4; lastKnownFileType = sourcecode.c.h; path = NodeImpl.h; sourceTree = "<group>"; };
		EB72CDB928BF618C009AEAE1 /* YGNodePrint.h */ = {isa = PBXFileReference; fileEncoding = 4; lastKnownFileType = sourcecode.c.h; path = YGNodePrint.h; sourceTree = "<group>"; };
		EB72CDBA28BF618C009AEAE1 /* NodeImpl.m */ = {isa = PBXFileReference; fileEncoding = 4; lastKnownFileType = sourcecode.c.objc; path = NodeImpl.m; sourceTree = "<group>"; };
		EB72CDBB28BF618C009AEAE1 /* YGLayout.cpp */ = {isa = PBXFileReference; fileEncoding = 4; lastKnownFileType = sourcecode.cpp.cpp; path = YGLayout.cpp; sourceTree = "<group>"; };
		EB72CDBC28BF618C009AEAE1 /* YGFloatOptional.h */ = {isa = PBXFileReference; fileEncoding = 4; lastKnownFileType = sourcecode.c.h; path = YGFloatOptional.h; sourceTree = "<group>"; };
		EB72CDBD28BF618C009AEAE1 /* YGNode.h */ = {isa = PBXFileReference; fileEncoding = 4; lastKnownFileType = sourcecode.c.h; path = YGNode.h; sourceTree = "<group>"; };
		EB72CDBE28BF618C009AEAE1 /* YGConfig.cpp */ = {isa = PBXFileReference; fileEncoding = 4; lastKnownFileType = sourcecode.cpp.cpp; path = YGConfig.cpp; sourceTree = "<group>"; };
		EB72CDC128BF618C009AEAE1 /* log.h */ = {isa = PBXFileReference; fileEncoding = 4; lastKnownFileType = sourcecode.c.h; path = log.h; sourceTree = "<group>"; };
		EB72CDC228BF618C009AEAE1 /* Utils.h */ = {isa = PBXFileReference; fileEncoding = 4; lastKnownFileType = sourcecode.c.h; path = Utils.h; sourceTree = "<group>"; };
		EB72CDC328BF618C009AEAE1 /* YGConfig.h */ = {isa = PBXFileReference; fileEncoding = 4; lastKnownFileType = sourcecode.c.h; path = YGConfig.h; sourceTree = "<group>"; };
		EB72CDC428BF618C009AEAE1 /* BitUtils.h */ = {isa = PBXFileReference; fileEncoding = 4; lastKnownFileType = sourcecode.c.h; path = BitUtils.h; sourceTree = "<group>"; };
		EB72CDC728BF618D009AEAE1 /* experiments.cpp */ = {isa = PBXFileReference; fileEncoding = 4; lastKnownFileType = sourcecode.cpp.cpp; path = experiments.cpp; sourceTree = "<group>"; };
		EB72CDC828BF618D009AEAE1 /* experiments-inl.h */ = {isa = PBXFileReference; fileEncoding = 4; lastKnownFileType = sourcecode.c.h; path = "experiments-inl.h"; sourceTree = "<group>"; };
		EB72CDC928BF618D009AEAE1 /* experiments.h */ = {isa = PBXFileReference; fileEncoding = 4; lastKnownFileType = sourcecode.c.h; path = experiments.h; sourceTree = "<group>"; };
		EB72CDCA28BF618D009AEAE1 /* YGEnums.cpp */ = {isa = PBXFileReference; fileEncoding = 4; lastKnownFileType = sourcecode.cpp.cpp; path = YGEnums.cpp; sourceTree = "<group>"; };
		EB72CDCB28BF618D009AEAE1 /* Yoga-internal.h */ = {isa = PBXFileReference; fileEncoding = 4; lastKnownFileType = sourcecode.c.h; path = "Yoga-internal.h"; sourceTree = "<group>"; };
		EB72CDCC28BF618D009AEAE1 /* Yoga.h */ = {isa = PBXFileReference; fileEncoding = 4; lastKnownFileType = sourcecode.c.h; path = Yoga.h; sourceTree = "<group>"; };
		EB72CDCD28BF618D009AEAE1 /* YGNode.cpp */ = {isa = PBXFileReference; fileEncoding = 4; lastKnownFileType = sourcecode.cpp.cpp; path = YGNode.cpp; sourceTree = "<group>"; };
		EB72CDCE28BF618D009AEAE1 /* Utils.cpp */ = {isa = PBXFileReference; fileEncoding = 4; lastKnownFileType = sourcecode.cpp.cpp; path = Utils.cpp; sourceTree = "<group>"; };
		EB72CDCF28BF618D009AEAE1 /* YGValue.cpp */ = {isa = PBXFileReference; fileEncoding = 4; lastKnownFileType = sourcecode.cpp.cpp; path = YGValue.cpp; sourceTree = "<group>"; };
		EB72CE0728C4824D009AEAE1 /* Yoga-umbrella.h */ = {isa = PBXFileReference; fileEncoding = 4; lastKnownFileType = sourcecode.c.h; path = "Yoga-umbrella.h"; sourceTree = "<group>"; };
		EB75B1BD28B9343D003E56F9 /* ProposedSize.swift */ = {isa = PBXFileReference; lastKnownFileType = sourcecode.swift; path = ProposedSize.swift; sourceTree = "<group>"; };
		EB75B1C828BB9E10003E56F9 /* FlexItem.swift */ = {isa = PBXFileReference; lastKnownFileType = sourcecode.swift; path = FlexItem.swift; sourceTree = "<group>"; };
		EB75B1CC28BB9F6E003E56F9 /* VaradicFlexItems.swift */ = {isa = PBXFileReference; lastKnownFileType = sourcecode.swift; path = VaradicFlexItems.swift; sourceTree = "<group>"; };
		EB75B1CE28BB9FAB003E56F9 /* SizeReadable.swift */ = {isa = PBXFileReference; lastKnownFileType = sourcecode.swift; path = SizeReadable.swift; sourceTree = "<group>"; };
		EB75B1D028BB9FF4003E56F9 /* FlexCoordinator.swift */ = {isa = PBXFileReference; lastKnownFileType = sourcecode.swift; path = FlexCoordinator.swift; sourceTree = "<group>"; };
		EB75B1D628BBB6B3003E56F9 /* LayoutViewModifier.swift */ = {isa = PBXFileReference; lastKnownFileType = sourcecode.swift; path = LayoutViewModifier.swift; sourceTree = "<group>"; };
		EB75B1D828BBCDC0003E56F9 /* FlexStyle.swift */ = {isa = PBXFileReference; lastKnownFileType = sourcecode.swift; path = FlexStyle.swift; sourceTree = "<group>"; };
		EB75B1DC28BBDF90003E56F9 /* FlexStack.swift */ = {isa = PBXFileReference; lastKnownFileType = sourcecode.swift; path = FlexStack.swift; sourceTree = "<group>"; };
		EB75B1DE28BBE21B003E56F9 /* SizeReaderView.swift */ = {isa = PBXFileReference; lastKnownFileType = sourcecode.swift; path = SizeReaderView.swift; sourceTree = "<group>"; };
		EB75B1E028BCBDF5003E56F9 /* NodeChildHolder.swift */ = {isa = PBXFileReference; lastKnownFileType = sourcecode.swift; path = NodeChildHolder.swift; sourceTree = "<group>"; };
		EB93F78928B37C8D00867768 /* DemoScreen.swift */ = {isa = PBXFileReference; lastKnownFileType = sourcecode.swift; path = DemoScreen.swift; sourceTree = "<group>"; };
		EB93F78B28B382E000867768 /* Padding.swift */ = {isa = PBXFileReference; lastKnownFileType = sourcecode.swift; path = Padding.swift; sourceTree = "<group>"; };
		EBB30E5F28BCD1D20044BE84 /* NodeSizeUpdater.swift */ = {isa = PBXFileReference; lastKnownFileType = sourcecode.swift; path = NodeSizeUpdater.swift; sourceTree = "<group>"; };
		EBE887D128B3738C006F7EB0 /* JustifyContent.swift */ = {isa = PBXFileReference; lastKnownFileType = sourcecode.swift; path = JustifyContent.swift; sourceTree = "<group>"; };
		EBE887D328B3760A006F7EB0 /* LotsOfNodes.swift */ = {isa = PBXFileReference; lastKnownFileType = sourcecode.swift; path = LotsOfNodes.swift; sourceTree = "<group>"; };
		EBE887D528B3780B006F7EB0 /* DynamicHeightText.swift */ = {isa = PBXFileReference; lastKnownFileType = sourcecode.swift; path = DynamicHeightText.swift; sourceTree = "<group>"; };
		EBE887D728B37B15006F7EB0 /* AnimatedHeightChange.swift */ = {isa = PBXFileReference; lastKnownFileType = sourcecode.swift; path = AnimatedHeightChange.swift; sourceTree = "<group>"; };
/* End PBXFileReference section */

/* Begin PBXFrameworksBuildPhase section */
		EB60546928AFA146006AFE77 /* Frameworks */ = {
			isa = PBXFrameworksBuildPhase;
			buildActionMask = 2147483647;
			files = (
				EB60553928AFA365006AFE77 /* FlexboxSwiftUIObjC.framework in Frameworks */,
			);
			runOnlyForDeploymentPostprocessing = 0;
		};
		EB6054D928AFA183006AFE77 /* Frameworks */ = {
			isa = PBXFrameworksBuildPhase;
			buildActionMask = 2147483647;
			files = (
				EB6054E028AFA183006AFE77 /* FlexboxSwiftUI.framework in Frameworks */,
				EB60551028AFA212006AFE77 /* SnapshotTesting in Frameworks */,
				EB60551228AFA214006AFE77 /* ViewInspector in Frameworks */,
			);
			runOnlyForDeploymentPostprocessing = 0;
		};
		EB6054E728AFA1A5006AFE77 /* Frameworks */ = {
			isa = PBXFrameworksBuildPhase;
			buildActionMask = 2147483647;
			files = (
				EB60553528AFA2B7006AFE77 /* FlexboxSwiftUI.framework in Frameworks */,
				EB60552928AFA272006AFE77 /* FlexboxSwiftUIObjC.framework in Frameworks */,
			);
			runOnlyForDeploymentPostprocessing = 0;
		};
		EB60552028AFA272006AFE77 /* Frameworks */ = {
			isa = PBXFrameworksBuildPhase;
			buildActionMask = 2147483647;
			files = (
			);
			runOnlyForDeploymentPostprocessing = 0;
		};
/* End PBXFrameworksBuildPhase section */

/* Begin PBXGroup section */
		EB60546228AFA146006AFE77 = {
			isa = PBXGroup;
			children = (
				EB60549428AFA166006AFE77 /* Tests */,
				EB60547628AFA162006AFE77 /* Sources */,
				EB6054EB28AFA1A5006AFE77 /* Demo */,
				EB60546D28AFA146006AFE77 /* Products */,
				EB60550E28AFA212006AFE77 /* Frameworks */,
			);
			sourceTree = "<group>";
		};
		EB60546D28AFA146006AFE77 /* Products */ = {
			isa = PBXGroup;
			children = (
				EB60546C28AFA146006AFE77 /* FlexboxSwiftUI.framework */,
				EB6054DC28AFA183006AFE77 /* FlexboxSwiftUITests.xctest */,
				EB6054EA28AFA1A5006AFE77 /* Demo.app */,
				EB60552328AFA272006AFE77 /* FlexboxSwiftUIObjC.framework */,
			);
			name = Products;
			sourceTree = "<group>";
		};
		EB60547628AFA162006AFE77 /* Sources */ = {
			isa = PBXGroup;
			children = (
				EB60547728AFA162006AFE77 /* FlexboxSwiftUI */,
				EB60548228AFA162006AFE77 /* FlexboxSwiftUIObjC */,
			);
			path = Sources;
			sourceTree = "<group>";
		};
		EB60547728AFA162006AFE77 /* FlexboxSwiftUI */ = {
			isa = PBXGroup;
			children = (
				EB8F91C628B4BDCB009A0977 /* FlexView */,
				EB60547828AFA162006AFE77 /* Utils */,
				EB60554728B00E15006AFE77 /* TransferEnvironment.swift */,
			);
			path = FlexboxSwiftUI;
			sourceTree = "<group>";
		};
		EB60547828AFA162006AFE77 /* Utils */ = {
			isa = PBXGroup;
			children = (
				EB60547A28AFA162006AFE77 /* Helpers.swift */,
				EB60547B28AFA162006AFE77 /* Size.swift */,
				EB60547C28AFA162006AFE77 /* Edges.swift */,
				EB60547D28AFA162006AFE77 /* Style.swift */,
				EB60547E28AFA162006AFE77 /* Layout.swift */,
				EB75B1BD28B9343D003E56F9 /* ProposedSize.swift */,
			);
			path = Utils;
			sourceTree = "<group>";
		};
		EB60548228AFA162006AFE77 /* FlexboxSwiftUIObjC */ = {
			isa = PBXGroup;
			children = (
				EB72CDC428BF618C009AEAE1 /* BitUtils.h */,
				EB72CDB628BF618C009AEAE1 /* CompactValue.h */,
				EB72CDAF28BF618C009AEAE1 /* event */,
				EB72CDAE28BF618C009AEAE1 /* FlexboxSwiftUIObjC.h */,
				EB72CDC628BF618D009AEAE1 /* internal */,
				EB72CDB228BF618C009AEAE1 /* log.cpp */,
				EB72CDC128BF618C009AEAE1 /* log.h */,
				EB72CDB828BF618C009AEAE1 /* NodeImpl.h */,
				EB72CDBA28BF618C009AEAE1 /* NodeImpl.m */,
				EB72CDCE28BF618D009AEAE1 /* Utils.cpp */,
				EB72CDC228BF618C009AEAE1 /* Utils.h */,
				EB72CE0728C4824D009AEAE1 /* Yoga-umbrella.h */,
				EB72CDBE28BF618C009AEAE1 /* YGConfig.cpp */,
				EB72CDC328BF618C009AEAE1 /* YGConfig.h */,
				EB72CDCA28BF618D009AEAE1 /* YGEnums.cpp */,
				EB72CDB428BF618C009AEAE1 /* YGEnums.h */,
				EB72CDBC28BF618C009AEAE1 /* YGFloatOptional.h */,
				EB72CDBB28BF618C009AEAE1 /* YGLayout.cpp */,
				EB72CDB728BF618C009AEAE1 /* YGLayout.h */,
				EB72CDAA28BF618C009AEAE1 /* YGMacros.h */,
				EB72CDCD28BF618D009AEAE1 /* YGNode.cpp */,
				EB72CDBD28BF618C009AEAE1 /* YGNode.h */,
				EB72CDB528BF618C009AEAE1 /* YGNodePrint.cpp */,
				EB72CDB928BF618C009AEAE1 /* YGNodePrint.h */,
				EB72CDAB28BF618C009AEAE1 /* YGStyle.cpp */,
				EB72CDAC28BF618C009AEAE1 /* YGStyle.h */,
				EB72CDCF28BF618D009AEAE1 /* YGValue.cpp */,
				EB72CDB328BF618C009AEAE1 /* YGValue.h */,
				EB72CDCB28BF618D009AEAE1 /* Yoga-internal.h */,
				EB72CDAD28BF618C009AEAE1 /* Yoga.cpp */,
				EB72CDCC28BF618D009AEAE1 /* Yoga.h */,
				EB60548328AFA162006AFE77 /* NodeImpl.h */,
				EB60548728AFA162006AFE77 /* NodeImpl.m */,
			);
			path = FlexboxSwiftUIObjC;
			sourceTree = "<group>";
		};
		EB60549428AFA166006AFE77 /* Tests */ = {
			isa = PBXGroup;
			children = (
				EB60549528AFA166006AFE77 /* FlexboxSwiftUITests */,
			);
			path = Tests;
			sourceTree = SOURCE_ROOT;
		};
		EB60549528AFA166006AFE77 /* FlexboxSwiftUITests */ = {
			isa = PBXGroup;
			children = (
				EB60549628AFA166006AFE77 /* FlexSizeTests.swift */,
				EB60549728AFA166006AFE77 /* FlexJustifyContentTests.swift */,
				EB60549828AFA166006AFE77 /* FlexPaddingTests.swift */,
				EB60549928AFA166006AFE77 /* FlexDynamicSizingTests.swift */,
				EB60549A28AFA166006AFE77 /* FlexDirectionTests.swift */,
				EB60549B28AFA166006AFE77 /* Utils.swift */,
				EB60549C28AFA166006AFE77 /* FlexMarginTests.swift */,
				EB60549D28AFA166006AFE77 /* Inspection.swift */,
				EB60549E28AFA166006AFE77 /* FlexGrowTests.swift */,
				EB60549F28AFA166006AFE77 /* FlexButtonTests.swift */,
				EB6054A028AFA166006AFE77 /* FlexTextTests.swift */,
				EB72CD2928BF3D44009AEAE1 /* CIAssertSnapshot.swift */,
			);
			path = FlexboxSwiftUITests;
			sourceTree = "<group>";
		};
		EB6054EB28AFA1A5006AFE77 /* Demo */ = {
			isa = PBXGroup;
			children = (
				EB6054EC28AFA1A5006AFE77 /* DemoApp.swift */,
				EB6054F028AFA1A5006AFE77 /* Assets.xcassets */,
				EB6054F228AFA1A5006AFE77 /* Preview Content */,
				EB60553C28AFAD68006AFE77 /* ViewThatChangesHeight.swift */,
				EBE887D128B3738C006F7EB0 /* JustifyContent.swift */,
				EBE887D328B3760A006F7EB0 /* LotsOfNodes.swift */,
				EBE887D528B3780B006F7EB0 /* DynamicHeightText.swift */,
				EBE887D728B37B15006F7EB0 /* AnimatedHeightChange.swift */,
				EB93F78928B37C8D00867768 /* DemoScreen.swift */,
				EB93F78B28B382E000867768 /* Padding.swift */,
				EB38169A28B4FCF9009ADBA3 /* CenterContent.swift */,
			);
			path = Demo;
			sourceTree = "<group>";
		};
		EB6054F228AFA1A5006AFE77 /* Preview Content */ = {
			isa = PBXGroup;
			children = (
				EB6054F328AFA1A5006AFE77 /* Preview Assets.xcassets */,
			);
			path = "Preview Content";
			sourceTree = "<group>";
		};
		EB60550E28AFA212006AFE77 /* Frameworks */ = {
			isa = PBXGroup;
			children = (
			);
			name = Frameworks;
			sourceTree = "<group>";
		};
		EB72CDAF28BF618C009AEAE1 /* event */ = {
			isa = PBXGroup;
			children = (
				EB72CDB028BF618C009AEAE1 /* event.h */,
				EB72CDB128BF618C009AEAE1 /* event.cpp */,
			);
			path = event;
			sourceTree = "<group>";
		};
		EB72CDC628BF618D009AEAE1 /* internal */ = {
			isa = PBXGroup;
			children = (
				EB72CDC728BF618D009AEAE1 /* experiments.cpp */,
				EB72CDC828BF618D009AEAE1 /* experiments-inl.h */,
				EB72CDC928BF618D009AEAE1 /* experiments.h */,
			);
			path = internal;
			sourceTree = "<group>";
		};
		EB8F91C628B4BDCB009A0977 /* FlexView */ = {
			isa = PBXGroup;
			children = (
				EB75B1C828BB9E10003E56F9 /* FlexItem.swift */,
				EB75B1CC28BB9F6E003E56F9 /* VaradicFlexItems.swift */,
				EB75B1CE28BB9FAB003E56F9 /* SizeReadable.swift */,
				EB75B1D028BB9FF4003E56F9 /* FlexCoordinator.swift */,
				EB75B1D628BBB6B3003E56F9 /* LayoutViewModifier.swift */,
				EB75B1D828BBCDC0003E56F9 /* FlexStyle.swift */,
				EB75B1DC28BBDF90003E56F9 /* FlexStack.swift */,
				EB75B1DE28BBE21B003E56F9 /* SizeReaderView.swift */,
				EB75B1E028BCBDF5003E56F9 /* NodeChildHolder.swift */,
				EBB30E5F28BCD1D20044BE84 /* NodeSizeUpdater.swift */,
				EB72CD2728BE23D8009AEAE1 /* NodeImplPreferenceKey.swift */,
			);
			path = FlexView;
			sourceTree = "<group>";
		};
/* End PBXGroup section */

/* Begin PBXHeadersBuildPhase section */
		EB60546728AFA146006AFE77 /* Headers */ = {
			isa = PBXHeadersBuildPhase;
			buildActionMask = 2147483647;
			files = (
				EB72CE0828C4824E009AEAE1 /* Yoga-umbrella.h in Headers */,
			);
			runOnlyForDeploymentPostprocessing = 0;
		};
		EB60551E28AFA272006AFE77 /* Headers */ = {
			isa = PBXHeadersBuildPhase;
			buildActionMask = 2147483647;
			files = (
				EB72CDE228BF618D009AEAE1 /* YGNode.h in Headers */,
				EB72CDD228BF618D009AEAE1 /* YGStyle.h in Headers */,
				EB72CDEB28BF618D009AEAE1 /* experiments.h in Headers */,
				EB72CDD828BF618D009AEAE1 /* YGValue.h in Headers */,
				EB72CDEE28BF618D009AEAE1 /* Yoga.h in Headers */,
				EB72CDE128BF618D009AEAE1 /* YGFloatOptional.h in Headers */,
				EB60552F28AFA27D006AFE77 /* NodeImpl.h in Headers */,
				EB72CDDC28BF618D009AEAE1 /* YGLayout.h in Headers */,
				EB72CDD528BF618D009AEAE1 /* event.h in Headers */,
				EB72CDEA28BF618D009AEAE1 /* experiments-inl.h in Headers */,
				EB72CDE728BF618D009AEAE1 /* BitUtils.h in Headers */,
				EB72CDD028BF618D009AEAE1 /* YGMacros.h in Headers */,
				EB72CDE628BF618D009AEAE1 /* YGConfig.h in Headers */,
				EB72CDE428BF618D009AEAE1 /* log.h in Headers */,
				EB72CDDE28BF618D009AEAE1 /* YGNodePrint.h in Headers */,
				EB72CDE528BF618D009AEAE1 /* Utils.h in Headers */,
				EB72CE0528C48145009AEAE1 /* FlexboxSwiftUIObjC.h in Headers */,
				EB72CDD928BF618D009AEAE1 /* YGEnums.h in Headers */,
				EB72CE0928C48262009AEAE1 /* Yoga-umbrella.h in Headers */,
				EB72CDED28BF618D009AEAE1 /* Yoga-internal.h in Headers */,
				EB72CDDB28BF618D009AEAE1 /* CompactValue.h in Headers */,
			);
			runOnlyForDeploymentPostprocessing = 0;
		};
/* End PBXHeadersBuildPhase section */

/* Begin PBXNativeTarget section */
		EB60546B28AFA146006AFE77 /* FlexboxSwiftUI */ = {
			isa = PBXNativeTarget;
			buildConfigurationList = EB60547328AFA146006AFE77 /* Build configuration list for PBXNativeTarget "FlexboxSwiftUI" */;
			buildPhases = (
				EB60546728AFA146006AFE77 /* Headers */,
				EB60546828AFA146006AFE77 /* Sources */,
				EB60546928AFA146006AFE77 /* Frameworks */,
				EB60546A28AFA146006AFE77 /* Resources */,
				EB60553B28AFA365006AFE77 /* Embed Frameworks */,
			);
			buildRules = (
			);
			dependencies = (
				EB60553828AFA35E006AFE77 /* PBXTargetDependency */,
			);
			name = FlexboxSwiftUI;
			packageProductDependencies = (
			);
			productName = FlexboxSwiftUI;
			productReference = EB60546C28AFA146006AFE77 /* FlexboxSwiftUI.framework */;
			productType = "com.apple.product-type.framework";
		};
		EB6054DB28AFA183006AFE77 /* FlexboxSwiftUITests */ = {
			isa = PBXNativeTarget;
			buildConfigurationList = EB6054E328AFA183006AFE77 /* Build configuration list for PBXNativeTarget "FlexboxSwiftUITests" */;
			buildPhases = (
				EB6054D828AFA183006AFE77 /* Sources */,
				EB6054D928AFA183006AFE77 /* Frameworks */,
				EB6054DA28AFA183006AFE77 /* Resources */,
			);
			buildRules = (
			);
			dependencies = (
				EB6054E228AFA183006AFE77 /* PBXTargetDependency */,
				EB6054F928AFA1B0006AFE77 /* PBXTargetDependency */,
			);
			name = FlexboxSwiftUITests;
			packageProductDependencies = (
				EB60550F28AFA212006AFE77 /* SnapshotTesting */,
				EB60551128AFA214006AFE77 /* ViewInspector */,
			);
			productName = FlexboxSwiftUITests;
			productReference = EB6054DC28AFA183006AFE77 /* FlexboxSwiftUITests.xctest */;
			productType = "com.apple.product-type.bundle.unit-test";
		};
		EB6054E928AFA1A5006AFE77 /* Demo */ = {
			isa = PBXNativeTarget;
			buildConfigurationList = EB6054F528AFA1A5006AFE77 /* Build configuration list for PBXNativeTarget "Demo" */;
			buildPhases = (
				EB6054E628AFA1A5006AFE77 /* Sources */,
				EB6054E728AFA1A5006AFE77 /* Frameworks */,
				EB6054E828AFA1A5006AFE77 /* Resources */,
				EB60552E28AFA272006AFE77 /* Embed Frameworks */,
			);
			buildRules = (
			);
			dependencies = (
				EB60552828AFA272006AFE77 /* PBXTargetDependency */,
			);
			name = Demo;
			productName = Demo;
			productReference = EB6054EA28AFA1A5006AFE77 /* Demo.app */;
			productType = "com.apple.product-type.application";
		};
		EB60552228AFA272006AFE77 /* FlexboxSwiftUIObjC */ = {
			isa = PBXNativeTarget;
			buildConfigurationList = EB60552B28AFA272006AFE77 /* Build configuration list for PBXNativeTarget "FlexboxSwiftUIObjC" */;
			buildPhases = (
				EB60551E28AFA272006AFE77 /* Headers */,
				EB60551F28AFA272006AFE77 /* Sources */,
				EB60552028AFA272006AFE77 /* Frameworks */,
				EB60552128AFA272006AFE77 /* Resources */,
			);
			buildRules = (
			);
			dependencies = (
			);
			name = FlexboxSwiftUIObjC;
			packageProductDependencies = (
			);
			productName = FlexboxSwiftUIObjC;
			productReference = EB60552328AFA272006AFE77 /* FlexboxSwiftUIObjC.framework */;
			productType = "com.apple.product-type.framework";
		};
/* End PBXNativeTarget section */

/* Begin PBXProject section */
		EB60546328AFA146006AFE77 /* Project object */ = {
			isa = PBXProject;
			attributes = {
				BuildIndependentTargetsInParallel = 1;
				LastSwiftUpdateCheck = 1400;
				LastUpgradeCheck = 1340;
				TargetAttributes = {
					EB60546B28AFA146006AFE77 = {
						CreatedOnToolsVersion = 13.4.1;
					};
					EB6054DB28AFA183006AFE77 = {
						CreatedOnToolsVersion = 13.4.1;
						TestTargetID = EB6054E928AFA1A5006AFE77;
					};
					EB6054E928AFA1A5006AFE77 = {
						CreatedOnToolsVersion = 13.4.1;
					};
					EB60552228AFA272006AFE77 = {
						CreatedOnToolsVersion = 13.4.1;
					};
				};
			};
			buildConfigurationList = EB60546628AFA146006AFE77 /* Build configuration list for PBXProject "FlexboxSwiftUI" */;
			compatibilityVersion = "Xcode 13.0";
			developmentRegion = en;
			hasScannedForEncodings = 0;
			knownRegions = (
				en,
				Base,
			);
			mainGroup = EB60546228AFA146006AFE77;
			packageReferences = (
				EB60550828AFA1EA006AFE77 /* XCRemoteSwiftPackageReference "ViewInspector" */,
				EB60550B28AFA1F4006AFE77 /* XCRemoteSwiftPackageReference "swift-snapshot-testing" */,
			);
			productRefGroup = EB60546D28AFA146006AFE77 /* Products */;
			projectDirPath = "";
			projectRoot = "";
			targets = (
				EB60546B28AFA146006AFE77 /* FlexboxSwiftUI */,
				EB6054DB28AFA183006AFE77 /* FlexboxSwiftUITests */,
				EB6054E928AFA1A5006AFE77 /* Demo */,
				EB60552228AFA272006AFE77 /* FlexboxSwiftUIObjC */,
			);
		};
/* End PBXProject section */

/* Begin PBXResourcesBuildPhase section */
		EB60546A28AFA146006AFE77 /* Resources */ = {
			isa = PBXResourcesBuildPhase;
			buildActionMask = 2147483647;
			files = (
			);
			runOnlyForDeploymentPostprocessing = 0;
		};
		EB6054DA28AFA183006AFE77 /* Resources */ = {
			isa = PBXResourcesBuildPhase;
			buildActionMask = 2147483647;
			files = (
			);
			runOnlyForDeploymentPostprocessing = 0;
		};
		EB6054E828AFA1A5006AFE77 /* Resources */ = {
			isa = PBXResourcesBuildPhase;
			buildActionMask = 2147483647;
			files = (
				EB6054F428AFA1A5006AFE77 /* Preview Assets.xcassets in Resources */,
				EB6054F128AFA1A5006AFE77 /* Assets.xcassets in Resources */,
			);
			runOnlyForDeploymentPostprocessing = 0;
		};
		EB60552128AFA272006AFE77 /* Resources */ = {
			isa = PBXResourcesBuildPhase;
			buildActionMask = 2147483647;
			files = (
			);
			runOnlyForDeploymentPostprocessing = 0;
		};
/* End PBXResourcesBuildPhase section */

/* Begin PBXSourcesBuildPhase section */
		EB60546828AFA146006AFE77 /* Sources */ = {
			isa = PBXSourcesBuildPhase;
			buildActionMask = 2147483647;
			files = (
				EB75B1CF28BB9FAB003E56F9 /* SizeReadable.swift in Sources */,
				EBB30E6028BCD1D20044BE84 /* NodeSizeUpdater.swift in Sources */,
				EB75B1BE28B9343D003E56F9 /* ProposedSize.swift in Sources */,
				EB75B1D128BB9FF4003E56F9 /* FlexCoordinator.swift in Sources */,
				EB72CD2828BE23D8009AEAE1 /* NodeImplPreferenceKey.swift in Sources */,
				EB60548A28AFA162006AFE77 /* Size.swift in Sources */,
				EB75B1CD28BB9F6E003E56F9 /* VaradicFlexItems.swift in Sources */,
				EB75B1DF28BBE21B003E56F9 /* SizeReaderView.swift in Sources */,
				EB75B1D728BBB6B3003E56F9 /* LayoutViewModifier.swift in Sources */,
				EB60548B28AFA162006AFE77 /* Edges.swift in Sources */,
				EB60548928AFA162006AFE77 /* Helpers.swift in Sources */,
				EB75B1DD28BBDF90003E56F9 /* FlexStack.swift in Sources */,
				EB75B1D928BBCDC0003E56F9 /* FlexStyle.swift in Sources */,
				EB60548C28AFA162006AFE77 /* Style.swift in Sources */,
				EB60548D28AFA162006AFE77 /* Layout.swift in Sources */,
				EB60554928B00E5D006AFE77 /* TransferEnvironment.swift in Sources */,
				EB75B1C928BB9E10003E56F9 /* FlexItem.swift in Sources */,
				EB75B1E128BCBDF5003E56F9 /* NodeChildHolder.swift in Sources */,
			);
			runOnlyForDeploymentPostprocessing = 0;
		};
		EB6054D828AFA183006AFE77 /* Sources */ = {
			isa = PBXSourcesBuildPhase;
			buildActionMask = 2147483647;
			files = (
				EB6054FA28AFA1BE006AFE77 /* FlexDirectionTests.swift in Sources */,
				EB6054FF28AFA1BE006AFE77 /* FlexTextTests.swift in Sources */,
				EB6054FB28AFA1BE006AFE77 /* FlexGrowTests.swift in Sources */,
				EB60550128AFA1BE006AFE77 /* FlexSizeTests.swift in Sources */,
				EB60550028AFA1BE006AFE77 /* FlexMarginTests.swift in Sources */,
				EB72CD2A28BF3D44009AEAE1 /* CIAssertSnapshot.swift in Sources */,
				EB6054FD28AFA1BE006AFE77 /* FlexButtonTests.swift in Sources */,
				EB60550228AFA1BE006AFE77 /* FlexPaddingTests.swift in Sources */,
				EB6054FE28AFA1BE006AFE77 /* Inspection.swift in Sources */,
				EB60550428AFA1BE006AFE77 /* FlexJustifyContentTests.swift in Sources */,
				EB60550328AFA1BE006AFE77 /* FlexDynamicSizingTests.swift in Sources */,
				EB6054FC28AFA1BE006AFE77 /* Utils.swift in Sources */,
			);
			runOnlyForDeploymentPostprocessing = 0;
		};
		EB6054E628AFA1A5006AFE77 /* Sources */ = {
			isa = PBXSourcesBuildPhase;
			buildActionMask = 2147483647;
			files = (
				EB60553D28AFAD68006AFE77 /* ViewThatChangesHeight.swift in Sources */,
				EBE887D228B3738C006F7EB0 /* JustifyContent.swift in Sources */,
				EBE887D428B3760A006F7EB0 /* LotsOfNodes.swift in Sources */,
				EBE887D628B3780B006F7EB0 /* DynamicHeightText.swift in Sources */,
				EB6054ED28AFA1A5006AFE77 /* DemoApp.swift in Sources */,
				EB93F78A28B37C8D00867768 /* DemoScreen.swift in Sources */,
				EBE887D828B37B15006F7EB0 /* AnimatedHeightChange.swift in Sources */,
				EB93F78C28B382E000867768 /* Padding.swift in Sources */,
				EB38169B28B4FCF9009ADBA3 /* CenterContent.swift in Sources */,
			);
			runOnlyForDeploymentPostprocessing = 0;
		};
		EB60551F28AFA272006AFE77 /* Sources */ = {
			isa = PBXSourcesBuildPhase;
			buildActionMask = 2147483647;
			files = (
				EB72CE0628C48156009AEAE1 /* FlexboxSwiftUIObjC.h in Sources */,
				EB72CDD628BF618D009AEAE1 /* event.cpp in Sources */,
				EB72CDEF28BF618D009AEAE1 /* YGNode.cpp in Sources */,
				EB72CDDA28BF618D009AEAE1 /* YGNodePrint.cpp in Sources */,
				EB72CDF128BF618D009AEAE1 /* YGValue.cpp in Sources */,
				EB72CDD328BF618D009AEAE1 /* Yoga.cpp in Sources */,
				EB72CDE028BF618D009AEAE1 /* YGLayout.cpp in Sources */,
				EB72CDEC28BF618D009AEAE1 /* YGEnums.cpp in Sources */,
				EB72CDDF28BF618D009AEAE1 /* NodeImpl.m in Sources */,
				EB72CDE928BF618D009AEAE1 /* experiments.cpp in Sources */,
				EB72CDF028BF618D009AEAE1 /* Utils.cpp in Sources */,
				EB72CDD728BF618D009AEAE1 /* log.cpp in Sources */,
				EB72CDD128BF618D009AEAE1 /* YGStyle.cpp in Sources */,
				EB72CDE328BF618D009AEAE1 /* YGConfig.cpp in Sources */,
			);
			runOnlyForDeploymentPostprocessing = 0;
		};
/* End PBXSourcesBuildPhase section */

/* Begin PBXTargetDependency section */
		EB6054E228AFA183006AFE77 /* PBXTargetDependency */ = {
			isa = PBXTargetDependency;
			platformFilter = ios;
			target = EB60546B28AFA146006AFE77 /* FlexboxSwiftUI */;
			targetProxy = EB6054E128AFA183006AFE77 /* PBXContainerItemProxy */;
		};
		EB6054F928AFA1B0006AFE77 /* PBXTargetDependency */ = {
			isa = PBXTargetDependency;
			target = EB6054E928AFA1A5006AFE77 /* Demo */;
			targetProxy = EB6054F828AFA1B0006AFE77 /* PBXContainerItemProxy */;
		};
		EB60552828AFA272006AFE77 /* PBXTargetDependency */ = {
			isa = PBXTargetDependency;
			target = EB60552228AFA272006AFE77 /* FlexboxSwiftUIObjC */;
			targetProxy = EB60552728AFA272006AFE77 /* PBXContainerItemProxy */;
		};
		EB60553828AFA35E006AFE77 /* PBXTargetDependency */ = {
			isa = PBXTargetDependency;
			target = EB60552228AFA272006AFE77 /* FlexboxSwiftUIObjC */;
			targetProxy = EB60553728AFA35E006AFE77 /* PBXContainerItemProxy */;
		};
/* End PBXTargetDependency section */

/* Begin XCBuildConfiguration section */
		EB60547128AFA146006AFE77 /* Debug */ = {
			isa = XCBuildConfiguration;
			buildSettings = {
				ALWAYS_SEARCH_USER_PATHS = NO;
				CLANG_ANALYZER_NONNULL = YES;
				CLANG_ANALYZER_NUMBER_OBJECT_CONVERSION = YES_AGGRESSIVE;
				CLANG_CXX_LANGUAGE_STANDARD = "gnu++17";
				CLANG_ENABLE_MODULES = YES;
				CLANG_ENABLE_OBJC_ARC = YES;
				CLANG_ENABLE_OBJC_WEAK = YES;
				CLANG_WARN_BLOCK_CAPTURE_AUTORELEASING = YES;
				CLANG_WARN_BOOL_CONVERSION = YES;
				CLANG_WARN_COMMA = YES;
				CLANG_WARN_CONSTANT_CONVERSION = YES;
				CLANG_WARN_DEPRECATED_OBJC_IMPLEMENTATIONS = YES;
				CLANG_WARN_DIRECT_OBJC_ISA_USAGE = YES_ERROR;
				CLANG_WARN_DOCUMENTATION_COMMENTS = YES;
				CLANG_WARN_EMPTY_BODY = YES;
				CLANG_WARN_ENUM_CONVERSION = YES;
				CLANG_WARN_INFINITE_RECURSION = YES;
				CLANG_WARN_INT_CONVERSION = YES;
				CLANG_WARN_NON_LITERAL_NULL_CONVERSION = YES;
				CLANG_WARN_OBJC_IMPLICIT_RETAIN_SELF = YES;
				CLANG_WARN_OBJC_LITERAL_CONVERSION = YES;
				CLANG_WARN_OBJC_ROOT_CLASS = YES_ERROR;
				CLANG_WARN_QUOTED_INCLUDE_IN_FRAMEWORK_HEADER = YES;
				CLANG_WARN_RANGE_LOOP_ANALYSIS = YES;
				CLANG_WARN_STRICT_PROTOTYPES = YES;
				CLANG_WARN_SUSPICIOUS_MOVE = YES;
				CLANG_WARN_UNGUARDED_AVAILABILITY = YES_AGGRESSIVE;
				CLANG_WARN_UNREACHABLE_CODE = YES;
				CLANG_WARN__DUPLICATE_METHOD_MATCH = YES;
				COPY_PHASE_STRIP = NO;
				CURRENT_PROJECT_VERSION = 1;
				DEBUG_INFORMATION_FORMAT = dwarf;
				ENABLE_STRICT_OBJC_MSGSEND = YES;
				ENABLE_TESTABILITY = YES;
				GCC_C_LANGUAGE_STANDARD = gnu11;
				GCC_DYNAMIC_NO_PIC = NO;
				GCC_NO_COMMON_BLOCKS = YES;
				GCC_OPTIMIZATION_LEVEL = 0;
				GCC_PREPROCESSOR_DEFINITIONS = (
					"DEBUG=1",
					"$(inherited)",
				);
				GCC_WARN_64_TO_32_BIT_CONVERSION = YES;
				GCC_WARN_ABOUT_RETURN_TYPE = YES_ERROR;
				GCC_WARN_UNDECLARED_SELECTOR = YES;
				GCC_WARN_UNINITIALIZED_AUTOS = YES_AGGRESSIVE;
				GCC_WARN_UNUSED_FUNCTION = YES;
				GCC_WARN_UNUSED_VARIABLE = YES;
				IPHONEOS_DEPLOYMENT_TARGET = 15.5;
				MTL_ENABLE_DEBUG_INFO = INCLUDE_SOURCE;
				MTL_FAST_MATH = YES;
				ONLY_ACTIVE_ARCH = YES;
				SDKROOT = iphoneos;
				SWIFT_ACTIVE_COMPILATION_CONDITIONS = DEBUG;
				SWIFT_OPTIMIZATION_LEVEL = "-Onone";
				VERSIONING_SYSTEM = "apple-generic";
				VERSION_INFO_PREFIX = "";
			};
			name = Debug;
		};
		EB60547228AFA146006AFE77 /* Release */ = {
			isa = XCBuildConfiguration;
			buildSettings = {
				ALWAYS_SEARCH_USER_PATHS = NO;
				CLANG_ANALYZER_NONNULL = YES;
				CLANG_ANALYZER_NUMBER_OBJECT_CONVERSION = YES_AGGRESSIVE;
				CLANG_CXX_LANGUAGE_STANDARD = "gnu++17";
				CLANG_ENABLE_MODULES = YES;
				CLANG_ENABLE_OBJC_ARC = YES;
				CLANG_ENABLE_OBJC_WEAK = YES;
				CLANG_WARN_BLOCK_CAPTURE_AUTORELEASING = YES;
				CLANG_WARN_BOOL_CONVERSION = YES;
				CLANG_WARN_COMMA = YES;
				CLANG_WARN_CONSTANT_CONVERSION = YES;
				CLANG_WARN_DEPRECATED_OBJC_IMPLEMENTATIONS = YES;
				CLANG_WARN_DIRECT_OBJC_ISA_USAGE = YES_ERROR;
				CLANG_WARN_DOCUMENTATION_COMMENTS = YES;
				CLANG_WARN_EMPTY_BODY = YES;
				CLANG_WARN_ENUM_CONVERSION = YES;
				CLANG_WARN_INFINITE_RECURSION = YES;
				CLANG_WARN_INT_CONVERSION = YES;
				CLANG_WARN_NON_LITERAL_NULL_CONVERSION = YES;
				CLANG_WARN_OBJC_IMPLICIT_RETAIN_SELF = YES;
				CLANG_WARN_OBJC_LITERAL_CONVERSION = YES;
				CLANG_WARN_OBJC_ROOT_CLASS = YES_ERROR;
				CLANG_WARN_QUOTED_INCLUDE_IN_FRAMEWORK_HEADER = YES;
				CLANG_WARN_RANGE_LOOP_ANALYSIS = YES;
				CLANG_WARN_STRICT_PROTOTYPES = YES;
				CLANG_WARN_SUSPICIOUS_MOVE = YES;
				CLANG_WARN_UNGUARDED_AVAILABILITY = YES_AGGRESSIVE;
				CLANG_WARN_UNREACHABLE_CODE = YES;
				CLANG_WARN__DUPLICATE_METHOD_MATCH = YES;
				COPY_PHASE_STRIP = NO;
				CURRENT_PROJECT_VERSION = 1;
				DEBUG_INFORMATION_FORMAT = "dwarf-with-dsym";
				ENABLE_NS_ASSERTIONS = NO;
				ENABLE_STRICT_OBJC_MSGSEND = YES;
				GCC_C_LANGUAGE_STANDARD = gnu11;
				GCC_NO_COMMON_BLOCKS = YES;
				GCC_WARN_64_TO_32_BIT_CONVERSION = YES;
				GCC_WARN_ABOUT_RETURN_TYPE = YES_ERROR;
				GCC_WARN_UNDECLARED_SELECTOR = YES;
				GCC_WARN_UNINITIALIZED_AUTOS = YES_AGGRESSIVE;
				GCC_WARN_UNUSED_FUNCTION = YES;
				GCC_WARN_UNUSED_VARIABLE = YES;
				IPHONEOS_DEPLOYMENT_TARGET = 15.5;
				MTL_ENABLE_DEBUG_INFO = NO;
				MTL_FAST_MATH = YES;
				SDKROOT = iphoneos;
				SWIFT_COMPILATION_MODE = wholemodule;
				SWIFT_OPTIMIZATION_LEVEL = "-O";
				VALIDATE_PRODUCT = YES;
				VERSIONING_SYSTEM = "apple-generic";
				VERSION_INFO_PREFIX = "";
			};
			name = Release;
		};
		EB60547428AFA146006AFE77 /* Debug */ = {
			isa = XCBuildConfiguration;
			buildSettings = {
				CODE_SIGN_STYLE = Automatic;
				CURRENT_PROJECT_VERSION = 1;
				DEFINES_MODULE = YES;
				DEVELOPMENT_TEAM = AW656G5PFM;
				DYLIB_COMPATIBILITY_VERSION = 1;
				DYLIB_CURRENT_VERSION = 1;
				DYLIB_INSTALL_NAME_BASE = "@rpath";
				GENERATE_INFOPLIST_FILE = YES;
				INFOPLIST_KEY_NSHumanReadableCopyright = "";
				INSTALL_PATH = "$(LOCAL_LIBRARY_DIR)/Frameworks";
				IPHONEOS_DEPLOYMENT_TARGET = 14.0;
				LD_RUNPATH_SEARCH_PATHS = (
					"$(inherited)",
					"@executable_path/Frameworks",
					"@loader_path/Frameworks",
				);
				MARKETING_VERSION = 1.0;
				PRODUCT_BUNDLE_IDENTIFIER = com.hedvig.FlexboxSwiftUI;
				PRODUCT_NAME = "$(TARGET_NAME:c99extidentifier)";
				SKIP_INSTALL = YES;
				SUPPORTS_MACCATALYST = NO;
				SWIFT_EMIT_LOC_STRINGS = YES;
				SWIFT_VERSION = 5.0;
				TARGETED_DEVICE_FAMILY = "1,2";
			};
			name = Debug;
		};
		EB60547528AFA146006AFE77 /* Release */ = {
			isa = XCBuildConfiguration;
			buildSettings = {
				CODE_SIGN_STYLE = Automatic;
				CURRENT_PROJECT_VERSION = 1;
				DEFINES_MODULE = YES;
				DEVELOPMENT_TEAM = AW656G5PFM;
				DYLIB_COMPATIBILITY_VERSION = 1;
				DYLIB_CURRENT_VERSION = 1;
				DYLIB_INSTALL_NAME_BASE = "@rpath";
				GENERATE_INFOPLIST_FILE = YES;
				INFOPLIST_KEY_NSHumanReadableCopyright = "";
				INSTALL_PATH = "$(LOCAL_LIBRARY_DIR)/Frameworks";
				IPHONEOS_DEPLOYMENT_TARGET = 14.0;
				LD_RUNPATH_SEARCH_PATHS = (
					"$(inherited)",
					"@executable_path/Frameworks",
					"@loader_path/Frameworks",
				);
				MARKETING_VERSION = 1.0;
				PRODUCT_BUNDLE_IDENTIFIER = com.hedvig.FlexboxSwiftUI;
				PRODUCT_NAME = "$(TARGET_NAME:c99extidentifier)";
				SKIP_INSTALL = YES;
				SUPPORTS_MACCATALYST = NO;
				SWIFT_EMIT_LOC_STRINGS = YES;
				SWIFT_VERSION = 5.0;
				TARGETED_DEVICE_FAMILY = "1,2";
			};
			name = Release;
		};
		EB6054E428AFA183006AFE77 /* Debug */ = {
			isa = XCBuildConfiguration;
			buildSettings = {
				ALWAYS_EMBED_SWIFT_STANDARD_LIBRARIES = YES;
				CODE_SIGN_STYLE = Automatic;
				CURRENT_PROJECT_VERSION = 1;
				DEVELOPMENT_TEAM = AW656G5PFM;
				GENERATE_INFOPLIST_FILE = YES;
				MARKETING_VERSION = 1.0;
				PRODUCT_BUNDLE_IDENTIFIER = com.hedvig.FlexboxSwiftUITests;
				PRODUCT_NAME = "$(TARGET_NAME)";
				SWIFT_EMIT_LOC_STRINGS = NO;
				SWIFT_VERSION = 5.0;
				TARGETED_DEVICE_FAMILY = "1,2";
				TEST_HOST = "$(BUILT_PRODUCTS_DIR)/Demo.app/Demo";
			};
			name = Debug;
		};
		EB6054E528AFA183006AFE77 /* Release */ = {
			isa = XCBuildConfiguration;
			buildSettings = {
				ALWAYS_EMBED_SWIFT_STANDARD_LIBRARIES = YES;
				CODE_SIGN_STYLE = Automatic;
				CURRENT_PROJECT_VERSION = 1;
				DEVELOPMENT_TEAM = AW656G5PFM;
				GENERATE_INFOPLIST_FILE = YES;
				MARKETING_VERSION = 1.0;
				PRODUCT_BUNDLE_IDENTIFIER = com.hedvig.FlexboxSwiftUITests;
				PRODUCT_NAME = "$(TARGET_NAME)";
				SWIFT_EMIT_LOC_STRINGS = NO;
				SWIFT_VERSION = 5.0;
				TARGETED_DEVICE_FAMILY = "1,2";
				TEST_HOST = "$(BUILT_PRODUCTS_DIR)/Demo.app/Demo";
			};
			name = Release;
		};
		EB6054F628AFA1A5006AFE77 /* Debug */ = {
			isa = XCBuildConfiguration;
			buildSettings = {
				ASSETCATALOG_COMPILER_APPICON_NAME = AppIcon;
				ASSETCATALOG_COMPILER_GLOBAL_ACCENT_COLOR_NAME = AccentColor;
				CODE_SIGN_STYLE = Automatic;
				CURRENT_PROJECT_VERSION = 1;
				DEVELOPMENT_ASSET_PATHS = "\"Demo/Preview Content\"";
				DEVELOPMENT_TEAM = AW656G5PFM;
				ENABLE_PREVIEWS = YES;
				GENERATE_INFOPLIST_FILE = YES;
				INFOPLIST_KEY_UIApplicationSceneManifest_Generation = YES;
				INFOPLIST_KEY_UIApplicationSupportsIndirectInputEvents = YES;
				INFOPLIST_KEY_UILaunchScreen_Generation = YES;
				INFOPLIST_KEY_UISupportedInterfaceOrientations_iPad = "UIInterfaceOrientationPortrait UIInterfaceOrientationPortraitUpsideDown UIInterfaceOrientationLandscapeLeft UIInterfaceOrientationLandscapeRight";
				INFOPLIST_KEY_UISupportedInterfaceOrientations_iPhone = "UIInterfaceOrientationPortrait UIInterfaceOrientationLandscapeLeft UIInterfaceOrientationLandscapeRight";
				LD_RUNPATH_SEARCH_PATHS = (
					"$(inherited)",
					"@executable_path/Frameworks",
				);
				MARKETING_VERSION = 1.0;
				PRODUCT_BUNDLE_IDENTIFIER = com.hedvig.Demo;
				PRODUCT_NAME = "$(TARGET_NAME)";
				SWIFT_EMIT_LOC_STRINGS = YES;
				SWIFT_VERSION = 5.0;
				TARGETED_DEVICE_FAMILY = "1,2";
			};
			name = Debug;
		};
		EB6054F728AFA1A5006AFE77 /* Release */ = {
			isa = XCBuildConfiguration;
			buildSettings = {
				ASSETCATALOG_COMPILER_APPICON_NAME = AppIcon;
				ASSETCATALOG_COMPILER_GLOBAL_ACCENT_COLOR_NAME = AccentColor;
				CODE_SIGN_STYLE = Automatic;
				CURRENT_PROJECT_VERSION = 1;
				DEVELOPMENT_ASSET_PATHS = "\"Demo/Preview Content\"";
				DEVELOPMENT_TEAM = AW656G5PFM;
				ENABLE_PREVIEWS = YES;
				GENERATE_INFOPLIST_FILE = YES;
				INFOPLIST_KEY_UIApplicationSceneManifest_Generation = YES;
				INFOPLIST_KEY_UIApplicationSupportsIndirectInputEvents = YES;
				INFOPLIST_KEY_UILaunchScreen_Generation = YES;
				INFOPLIST_KEY_UISupportedInterfaceOrientations_iPad = "UIInterfaceOrientationPortrait UIInterfaceOrientationPortraitUpsideDown UIInterfaceOrientationLandscapeLeft UIInterfaceOrientationLandscapeRight";
				INFOPLIST_KEY_UISupportedInterfaceOrientations_iPhone = "UIInterfaceOrientationPortrait UIInterfaceOrientationLandscapeLeft UIInterfaceOrientationLandscapeRight";
				LD_RUNPATH_SEARCH_PATHS = (
					"$(inherited)",
					"@executable_path/Frameworks",
				);
				MARKETING_VERSION = 1.0;
				PRODUCT_BUNDLE_IDENTIFIER = com.hedvig.Demo;
				PRODUCT_NAME = "$(TARGET_NAME)";
				SWIFT_EMIT_LOC_STRINGS = YES;
				SWIFT_VERSION = 5.0;
				TARGETED_DEVICE_FAMILY = "1,2";
			};
			name = Release;
		};
		EB60552C28AFA272006AFE77 /* Debug */ = {
			isa = XCBuildConfiguration;
			buildSettings = {
				CODE_SIGN_STYLE = Automatic;
				CURRENT_PROJECT_VERSION = 1;
				DEFINES_MODULE = YES;
				DEVELOPMENT_TEAM = AW656G5PFM;
				DYLIB_COMPATIBILITY_VERSION = 1;
				DYLIB_CURRENT_VERSION = 1;
				DYLIB_INSTALL_NAME_BASE = "@rpath";
				GENERATE_INFOPLIST_FILE = YES;
				INFOPLIST_KEY_NSHumanReadableCopyright = "";
				INSTALL_PATH = "$(LOCAL_LIBRARY_DIR)/Frameworks";
				IPHONEOS_DEPLOYMENT_TARGET = 14.0;
				"IPHONEOS_DEPLOYMENT_TARGET[sdk=macosx*]" = 14.2;
				LD_RUNPATH_SEARCH_PATHS = (
					"$(inherited)",
					"@executable_path/Frameworks",
					"@loader_path/Frameworks",
				);
				MARKETING_VERSION = 1.0;
				OTHER_CFLAGS = "-DSWIFT_PACKAGE";
				PRODUCT_BUNDLE_IDENTIFIER = com.hedvig.FlexboxSwiftUIObjC;
				PRODUCT_NAME = "$(TARGET_NAME:c99extidentifier)";
				SKIP_INSTALL = YES;
				SWIFT_EMIT_LOC_STRINGS = YES;
				SWIFT_VERSION = 5.0;
				TARGETED_DEVICE_FAMILY = "1,2";
			};
			name = Debug;
		};
		EB60552D28AFA272006AFE77 /* Release */ = {
			isa = XCBuildConfiguration;
			buildSettings = {
				CODE_SIGN_STYLE = Automatic;
				CURRENT_PROJECT_VERSION = 1;
				DEFINES_MODULE = YES;
				DEVELOPMENT_TEAM = AW656G5PFM;
				DYLIB_COMPATIBILITY_VERSION = 1;
				DYLIB_CURRENT_VERSION = 1;
				DYLIB_INSTALL_NAME_BASE = "@rpath";
				GENERATE_INFOPLIST_FILE = YES;
				INFOPLIST_KEY_NSHumanReadableCopyright = "";
				INSTALL_PATH = "$(LOCAL_LIBRARY_DIR)/Frameworks";
				IPHONEOS_DEPLOYMENT_TARGET = 14.0;
				"IPHONEOS_DEPLOYMENT_TARGET[sdk=macosx*]" = 14.2;
				LD_RUNPATH_SEARCH_PATHS = (
					"$(inherited)",
					"@executable_path/Frameworks",
					"@loader_path/Frameworks",
				);
				MARKETING_VERSION = 1.0;
				OTHER_CFLAGS = "-DSWIFT_PACKAGE";
				PRODUCT_BUNDLE_IDENTIFIER = com.hedvig.FlexboxSwiftUIObjC;
				PRODUCT_NAME = "$(TARGET_NAME:c99extidentifier)";
				SKIP_INSTALL = YES;
				SWIFT_EMIT_LOC_STRINGS = YES;
				SWIFT_VERSION = 5.0;
				TARGETED_DEVICE_FAMILY = "1,2";
			};
			name = Release;
		};
/* End XCBuildConfiguration section */

/* Begin XCConfigurationList section */
		EB60546628AFA146006AFE77 /* Build configuration list for PBXProject "FlexboxSwiftUI" */ = {
			isa = XCConfigurationList;
			buildConfigurations = (
				EB60547128AFA146006AFE77 /* Debug */,
				EB60547228AFA146006AFE77 /* Release */,
			);
			defaultConfigurationIsVisible = 0;
			defaultConfigurationName = Release;
		};
		EB60547328AFA146006AFE77 /* Build configuration list for PBXNativeTarget "FlexboxSwiftUI" */ = {
			isa = XCConfigurationList;
			buildConfigurations = (
				EB60547428AFA146006AFE77 /* Debug */,
				EB60547528AFA146006AFE77 /* Release */,
			);
			defaultConfigurationIsVisible = 0;
			defaultConfigurationName = Release;
		};
		EB6054E328AFA183006AFE77 /* Build configuration list for PBXNativeTarget "FlexboxSwiftUITests" */ = {
			isa = XCConfigurationList;
			buildConfigurations = (
				EB6054E428AFA183006AFE77 /* Debug */,
				EB6054E528AFA183006AFE77 /* Release */,
			);
			defaultConfigurationIsVisible = 0;
			defaultConfigurationName = Release;
		};
		EB6054F528AFA1A5006AFE77 /* Build configuration list for PBXNativeTarget "Demo" */ = {
			isa = XCConfigurationList;
			buildConfigurations = (
				EB6054F628AFA1A5006AFE77 /* Debug */,
				EB6054F728AFA1A5006AFE77 /* Release */,
			);
			defaultConfigurationIsVisible = 0;
			defaultConfigurationName = Release;
		};
		EB60552B28AFA272006AFE77 /* Build configuration list for PBXNativeTarget "FlexboxSwiftUIObjC" */ = {
			isa = XCConfigurationList;
			buildConfigurations = (
				EB60552C28AFA272006AFE77 /* Debug */,
				EB60552D28AFA272006AFE77 /* Release */,
			);
			defaultConfigurationIsVisible = 0;
			defaultConfigurationName = Release;
		};
/* End XCConfigurationList section */

/* Begin XCRemoteSwiftPackageReference section */
		EB60550828AFA1EA006AFE77 /* XCRemoteSwiftPackageReference "ViewInspector" */ = {
			isa = XCRemoteSwiftPackageReference;
			repositoryURL = "https://github.com/nalexn/ViewInspector.git";
			requirement = {
				branch = master;
				kind = branch;
			};
		};
		EB60550B28AFA1F4006AFE77 /* XCRemoteSwiftPackageReference "swift-snapshot-testing" */ = {
			isa = XCRemoteSwiftPackageReference;
			repositoryURL = "https://github.com/pointfreeco/swift-snapshot-testing.git";
			requirement = {
				branch = main;
				kind = branch;
			};
		};
/* End XCRemoteSwiftPackageReference section */

/* Begin XCSwiftPackageProductDependency section */
		EB60550F28AFA212006AFE77 /* SnapshotTesting */ = {
			isa = XCSwiftPackageProductDependency;
			package = EB60550B28AFA1F4006AFE77 /* XCRemoteSwiftPackageReference "swift-snapshot-testing" */;
			productName = SnapshotTesting;
		};
		EB60551128AFA214006AFE77 /* ViewInspector */ = {
			isa = XCSwiftPackageProductDependency;
			package = EB60550828AFA1EA006AFE77 /* XCRemoteSwiftPackageReference "ViewInspector" */;
			productName = ViewInspector;
		};
/* End XCSwiftPackageProductDependency section */
	};
	rootObject = EB60546328AFA146006AFE77 /* Project object */;
}
