// !$*UTF8*$!
{
	archiveVersion = 1;
	classes = {
	};
	objectVersion = 55;
	objects = {

/* Begin PBXBuildFile section */
		EB36608A28AF8A9900702086 /* FlexJustifyContentTests.swift in Sources */ = {isa = PBXBuildFile; fileRef = EBA0BF3928AE717A00D1E1CB /* FlexJustifyContentTests.swift */; };
		EB7230E228AF62E800CC219E /* NodeImpl.m in Sources */ = {isa = PBXBuildFile; fileRef = EB7230E128AF62E800CC219E /* NodeImpl.m */; };
		EB7230E428AF697800CC219E /* Size.swift in Sources */ = {isa = PBXBuildFile; fileRef = EB7230E328AF697800CC219E /* Size.swift */; };
		EB7230E528AF6EA200CC219E /* FlexDirectionTests.swift in Sources */ = {isa = PBXBuildFile; fileRef = EBA0BF3D28AE724C00D1E1CB /* FlexDirectionTests.swift */; };
		EB7230E628AF6EA700CC219E /* FlexTextTests.swift in Sources */ = {isa = PBXBuildFile; fileRef = EBA0BF4528AE752500D1E1CB /* FlexTextTests.swift */; };
		EB7230E728AF6EA700CC219E /* FlexPaddingTests.swift in Sources */ = {isa = PBXBuildFile; fileRef = EBA0BF4E28AEA6C800D1E1CB /* FlexPaddingTests.swift */; };
		EB7230E828AF6EA700CC219E /* FlexDynamicSizingTests.swift in Sources */ = {isa = PBXBuildFile; fileRef = EBA0BF4728AE75F300D1E1CB /* FlexDynamicSizingTests.swift */; };
		EB7230E928AF6EA700CC219E /* FlexSizeTests.swift in Sources */ = {isa = PBXBuildFile; fileRef = EBA0BF4128AE742F00D1E1CB /* FlexSizeTests.swift */; };
		EB7230EA28AF6EA700CC219E /* FlexButtonTests.swift in Sources */ = {isa = PBXBuildFile; fileRef = EBA0BF4328AE749300D1E1CB /* FlexButtonTests.swift */; };
		EB7230EB28AF6EA700CC219E /* FlexMarginTests.swift in Sources */ = {isa = PBXBuildFile; fileRef = EBA0BF3F28AE733B00D1E1CB /* FlexMarginTests.swift */; };
		EBA0BEE928ADFCF900D1E1CB /* FlexboxPlaygroundApp.swift in Sources */ = {isa = PBXBuildFile; fileRef = EBA0BEE828ADFCF900D1E1CB /* FlexboxPlaygroundApp.swift */; };
		EBA0BEEB28ADFCF900D1E1CB /* FlexView.swift in Sources */ = {isa = PBXBuildFile; fileRef = EBA0BEEA28ADFCF900D1E1CB /* FlexView.swift */; };
		EBA0BEED28ADFCFA00D1E1CB /* Assets.xcassets in Resources */ = {isa = PBXBuildFile; fileRef = EBA0BEEC28ADFCFA00D1E1CB /* Assets.xcassets */; };
		EBA0BEF028ADFCFA00D1E1CB /* Preview Assets.xcassets in Resources */ = {isa = PBXBuildFile; fileRef = EBA0BEEF28ADFCFA00D1E1CB /* Preview Assets.xcassets */; };
		EBA0BEF728AE0C5600D1E1CB /* HostingView.swift in Sources */ = {isa = PBXBuildFile; fileRef = EBA0BEF628AE0C5600D1E1CB /* HostingView.swift */; };
		EBA0BF2F28AE5FC000D1E1CB /* FlexGrowTests.swift in Sources */ = {isa = PBXBuildFile; fileRef = EBA0BF2E28AE5FC000D1E1CB /* FlexGrowTests.swift */; };
		EBA0BF3828AE5FE500D1E1CB /* SnapshotTesting in Frameworks */ = {isa = PBXBuildFile; productRef = EBA0BF3728AE5FE500D1E1CB /* SnapshotTesting */; };
		EBA0BF3C28AE719500D1E1CB /* Utils.swift in Sources */ = {isa = PBXBuildFile; fileRef = EBA0BF3B28AE719500D1E1CB /* Utils.swift */; };
		EBA0BF4B28AE768700D1E1CB /* ViewInspector in Frameworks */ = {isa = PBXBuildFile; productRef = EBA0BF4A28AE768700D1E1CB /* ViewInspector */; };
		EBA0BF4D28AE770E00D1E1CB /* Inspection.swift in Sources */ = {isa = PBXBuildFile; fileRef = EBA0BF4C28AE770E00D1E1CB /* Inspection.swift */; };
		EBA0BF5B28AEDEEB00D1E1CB /* YogaKit in Frameworks */ = {isa = PBXBuildFile; productRef = EBA0BF5A28AEDEEB00D1E1CB /* YogaKit */; };
		EBA0BF5E28AEEBCB00D1E1CB /* Edges.swift in Sources */ = {isa = PBXBuildFile; fileRef = EBA0BF5D28AEEBCB00D1E1CB /* Edges.swift */; };
		EBA0BF6028AEEBE200D1E1CB /* Helpers.swift in Sources */ = {isa = PBXBuildFile; fileRef = EBA0BF5F28AEEBE200D1E1CB /* Helpers.swift */; };
		EBA0BF6228AEEBF600D1E1CB /* InOutMutable.swift in Sources */ = {isa = PBXBuildFile; fileRef = EBA0BF6128AEEBF600D1E1CB /* InOutMutable.swift */; };
		EBA0BF6428AEEC0A00D1E1CB /* Layout.swift in Sources */ = {isa = PBXBuildFile; fileRef = EBA0BF6328AEEC0A00D1E1CB /* Layout.swift */; };
		EBA0BF6628AEEC1F00D1E1CB /* Node.swift in Sources */ = {isa = PBXBuildFile; fileRef = EBA0BF6528AEEC1F00D1E1CB /* Node.swift */; };
		EBA0BF6828AEEC3800D1E1CB /* Style.swift in Sources */ = {isa = PBXBuildFile; fileRef = EBA0BF6728AEEC3800D1E1CB /* Style.swift */; };
/* End PBXBuildFile section */

/* Begin PBXContainerItemProxy section */
		EBA0BF3028AE5FC000D1E1CB /* PBXContainerItemProxy */ = {
			isa = PBXContainerItemProxy;
			containerPortal = EBA0BEDD28ADFCF900D1E1CB /* Project object */;
			proxyType = 1;
			remoteGlobalIDString = EBA0BEE428ADFCF900D1E1CB;
			remoteInfo = FlexboxSwiftUI;
		};
/* End PBXContainerItemProxy section */

/* Begin PBXFileReference section */
		EB7230DF28AF62CF00CC219E /* NodeImpl.h */ = {isa = PBXFileReference; lastKnownFileType = sourcecode.c.h; path = NodeImpl.h; sourceTree = "<group>"; };
		EB7230E028AF62E800CC219E /* FlexboxSwiftUI-Bridging-Header.h */ = {isa = PBXFileReference; lastKnownFileType = sourcecode.c.h; path = "FlexboxSwiftUI-Bridging-Header.h"; sourceTree = "<group>"; };
		EB7230E128AF62E800CC219E /* NodeImpl.m */ = {isa = PBXFileReference; lastKnownFileType = sourcecode.c.objc; path = NodeImpl.m; sourceTree = "<group>"; };
		EB7230E328AF697800CC219E /* Size.swift */ = {isa = PBXFileReference; lastKnownFileType = sourcecode.swift; path = Size.swift; sourceTree = "<group>"; };
		EBA0BEE528ADFCF900D1E1CB /* FlexboxSwiftUI.app */ = {isa = PBXFileReference; explicitFileType = wrapper.application; includeInIndex = 0; path = FlexboxSwiftUI.app; sourceTree = BUILT_PRODUCTS_DIR; };
		EBA0BEE828ADFCF900D1E1CB /* FlexboxPlaygroundApp.swift */ = {isa = PBXFileReference; lastKnownFileType = sourcecode.swift; path = FlexboxPlaygroundApp.swift; sourceTree = "<group>"; };
		EBA0BEEA28ADFCF900D1E1CB /* FlexView.swift */ = {isa = PBXFileReference; lastKnownFileType = sourcecode.swift; path = FlexView.swift; sourceTree = "<group>"; };
		EBA0BEEC28ADFCFA00D1E1CB /* Assets.xcassets */ = {isa = PBXFileReference; lastKnownFileType = folder.assetcatalog; path = Assets.xcassets; sourceTree = "<group>"; };
		EBA0BEEF28ADFCFA00D1E1CB /* Preview Assets.xcassets */ = {isa = PBXFileReference; lastKnownFileType = folder.assetcatalog; path = "Preview Assets.xcassets"; sourceTree = "<group>"; };
		EBA0BEF628AE0C5600D1E1CB /* HostingView.swift */ = {isa = PBXFileReference; lastKnownFileType = sourcecode.swift; path = HostingView.swift; sourceTree = "<group>"; };
		EBA0BF2C28AE5FC000D1E1CB /* FlexboxSwiftUITests.xctest */ = {isa = PBXFileReference; explicitFileType = wrapper.cfbundle; includeInIndex = 0; path = FlexboxSwiftUITests.xctest; sourceTree = BUILT_PRODUCTS_DIR; };
		EBA0BF2E28AE5FC000D1E1CB /* FlexGrowTests.swift */ = {isa = PBXFileReference; lastKnownFileType = sourcecode.swift; path = FlexGrowTests.swift; sourceTree = "<group>"; };
		EBA0BF3928AE717A00D1E1CB /* FlexJustifyContentTests.swift */ = {isa = PBXFileReference; lastKnownFileType = sourcecode.swift; path = FlexJustifyContentTests.swift; sourceTree = "<group>"; };
		EBA0BF3B28AE719500D1E1CB /* Utils.swift */ = {isa = PBXFileReference; lastKnownFileType = sourcecode.swift; path = Utils.swift; sourceTree = "<group>"; };
		EBA0BF3D28AE724C00D1E1CB /* FlexDirectionTests.swift */ = {isa = PBXFileReference; lastKnownFileType = sourcecode.swift; path = FlexDirectionTests.swift; sourceTree = "<group>"; };
		EBA0BF3F28AE733B00D1E1CB /* FlexMarginTests.swift */ = {isa = PBXFileReference; lastKnownFileType = sourcecode.swift; path = FlexMarginTests.swift; sourceTree = "<group>"; };
		EBA0BF4128AE742F00D1E1CB /* FlexSizeTests.swift */ = {isa = PBXFileReference; lastKnownFileType = sourcecode.swift; path = FlexSizeTests.swift; sourceTree = "<group>"; };
		EBA0BF4328AE749300D1E1CB /* FlexButtonTests.swift */ = {isa = PBXFileReference; lastKnownFileType = sourcecode.swift; path = FlexButtonTests.swift; sourceTree = "<group>"; };
		EBA0BF4528AE752500D1E1CB /* FlexTextTests.swift */ = {isa = PBXFileReference; lastKnownFileType = sourcecode.swift; path = FlexTextTests.swift; sourceTree = "<group>"; };
		EBA0BF4728AE75F300D1E1CB /* FlexDynamicSizingTests.swift */ = {isa = PBXFileReference; lastKnownFileType = sourcecode.swift; path = FlexDynamicSizingTests.swift; sourceTree = "<group>"; };
		EBA0BF4C28AE770E00D1E1CB /* Inspection.swift */ = {isa = PBXFileReference; lastKnownFileType = sourcecode.swift; path = Inspection.swift; sourceTree = "<group>"; };
		EBA0BF4E28AEA6C800D1E1CB /* FlexPaddingTests.swift */ = {isa = PBXFileReference; lastKnownFileType = sourcecode.swift; path = FlexPaddingTests.swift; sourceTree = "<group>"; };
		EBA0BF5D28AEEBCB00D1E1CB /* Edges.swift */ = {isa = PBXFileReference; lastKnownFileType = sourcecode.swift; path = Edges.swift; sourceTree = "<group>"; };
		EBA0BF5F28AEEBE200D1E1CB /* Helpers.swift */ = {isa = PBXFileReference; lastKnownFileType = sourcecode.swift; path = Helpers.swift; sourceTree = "<group>"; };
		EBA0BF6128AEEBF600D1E1CB /* InOutMutable.swift */ = {isa = PBXFileReference; lastKnownFileType = sourcecode.swift; path = InOutMutable.swift; sourceTree = "<group>"; };
		EBA0BF6328AEEC0A00D1E1CB /* Layout.swift */ = {isa = PBXFileReference; lastKnownFileType = sourcecode.swift; path = Layout.swift; sourceTree = "<group>"; };
		EBA0BF6528AEEC1F00D1E1CB /* Node.swift */ = {isa = PBXFileReference; lastKnownFileType = sourcecode.swift; path = Node.swift; sourceTree = "<group>"; };
		EBA0BF6728AEEC3800D1E1CB /* Style.swift */ = {isa = PBXFileReference; lastKnownFileType = sourcecode.swift; path = Style.swift; sourceTree = "<group>"; };
/* End PBXFileReference section */

/* Begin PBXFrameworksBuildPhase section */
		EBA0BEE228ADFCF900D1E1CB /* Frameworks */ = {
			isa = PBXFrameworksBuildPhase;
			buildActionMask = 2147483647;
			files = (
				EBA0BF5B28AEDEEB00D1E1CB /* YogaKit in Frameworks */,
			);
			runOnlyForDeploymentPostprocessing = 0;
		};
		EBA0BF2928AE5FC000D1E1CB /* Frameworks */ = {
			isa = PBXFrameworksBuildPhase;
			buildActionMask = 2147483647;
			files = (
				EBA0BF3828AE5FE500D1E1CB /* SnapshotTesting in Frameworks */,
				EBA0BF4B28AE768700D1E1CB /* ViewInspector in Frameworks */,
			);
			runOnlyForDeploymentPostprocessing = 0;
		};
/* End PBXFrameworksBuildPhase section */

/* Begin PBXGroup section */
		EBA0BEDC28ADFCF900D1E1CB = {
			isa = PBXGroup;
			children = (
				EBA0BEE728ADFCF900D1E1CB /* FlexboxSwiftUI */,
				EBA0BF2D28AE5FC000D1E1CB /* FlexboxSwiftUITests */,
				EBA0BEE628ADFCF900D1E1CB /* Products */,
				EBA0BF0D28AE597F00D1E1CB /* Frameworks */,
			);
			sourceTree = "<group>";
		};
		EBA0BEE628ADFCF900D1E1CB /* Products */ = {
			isa = PBXGroup;
			children = (
				EBA0BEE528ADFCF900D1E1CB /* FlexboxSwiftUI.app */,
				EBA0BF2C28AE5FC000D1E1CB /* FlexboxSwiftUITests.xctest */,
			);
			name = Products;
			sourceTree = "<group>";
		};
		EBA0BEE728ADFCF900D1E1CB /* FlexboxSwiftUI */ = {
			isa = PBXGroup;
			children = (
				EBA0BF5C28AEEBB600D1E1CB /* Utils */,
				EBA0BEE828ADFCF900D1E1CB /* FlexboxPlaygroundApp.swift */,
				EBA0BEEA28ADFCF900D1E1CB /* FlexView.swift */,
				EBA0BEEC28ADFCFA00D1E1CB /* Assets.xcassets */,
				EBA0BEEE28ADFCFA00D1E1CB /* Preview Content */,
				EBA0BEF628AE0C5600D1E1CB /* HostingView.swift */,
			);
			path = FlexboxSwiftUI;
			sourceTree = "<group>";
		};
		EBA0BEEE28ADFCFA00D1E1CB /* Preview Content */ = {
			isa = PBXGroup;
			children = (
				EBA0BEEF28ADFCFA00D1E1CB /* Preview Assets.xcassets */,
			);
			path = "Preview Content";
			sourceTree = "<group>";
		};
		EBA0BF0D28AE597F00D1E1CB /* Frameworks */ = {
			isa = PBXGroup;
			children = (
			);
			name = Frameworks;
			sourceTree = "<group>";
		};
		EBA0BF2D28AE5FC000D1E1CB /* FlexboxSwiftUITests */ = {
			isa = PBXGroup;
			children = (
				EBA0BF2E28AE5FC000D1E1CB /* FlexGrowTests.swift */,
				EBA0BF3928AE717A00D1E1CB /* FlexJustifyContentTests.swift */,
				EBA0BF3B28AE719500D1E1CB /* Utils.swift */,
				EBA0BF3D28AE724C00D1E1CB /* FlexDirectionTests.swift */,
				EBA0BF3F28AE733B00D1E1CB /* FlexMarginTests.swift */,
				EBA0BF4128AE742F00D1E1CB /* FlexSizeTests.swift */,
				EBA0BF4328AE749300D1E1CB /* FlexButtonTests.swift */,
				EBA0BF4528AE752500D1E1CB /* FlexTextTests.swift */,
				EBA0BF4728AE75F300D1E1CB /* FlexDynamicSizingTests.swift */,
				EBA0BF4C28AE770E00D1E1CB /* Inspection.swift */,
				EBA0BF4E28AEA6C800D1E1CB /* FlexPaddingTests.swift */,
			);
			path = FlexboxSwiftUITests;
			sourceTree = "<group>";
		};
		EBA0BF5C28AEEBB600D1E1CB /* Utils */ = {
			isa = PBXGroup;
			children = (
				EBA0BF5D28AEEBCB00D1E1CB /* Edges.swift */,
				EBA0BF5F28AEEBE200D1E1CB /* Helpers.swift */,
				EBA0BF6128AEEBF600D1E1CB /* InOutMutable.swift */,
				EBA0BF6328AEEC0A00D1E1CB /* Layout.swift */,
				EBA0BF6528AEEC1F00D1E1CB /* Node.swift */,
				EBA0BF6728AEEC3800D1E1CB /* Style.swift */,
				EB7230DF28AF62CF00CC219E /* NodeImpl.h */,
				EB7230E128AF62E800CC219E /* NodeImpl.m */,
				EB7230E028AF62E800CC219E /* FlexboxSwiftUI-Bridging-Header.h */,
				EB7230E328AF697800CC219E /* Size.swift */,
			);
			path = Utils;
			sourceTree = "<group>";
		};
/* End PBXGroup section */

/* Begin PBXNativeTarget section */
		EBA0BEE428ADFCF900D1E1CB /* FlexboxSwiftUI */ = {
			isa = PBXNativeTarget;
			buildConfigurationList = EBA0BEF328ADFCFA00D1E1CB /* Build configuration list for PBXNativeTarget "FlexboxSwiftUI" */;
			buildPhases = (
				EBA0BEE128ADFCF900D1E1CB /* Sources */,
				EBA0BEE228ADFCF900D1E1CB /* Frameworks */,
				EBA0BEE328ADFCF900D1E1CB /* Resources */,
			);
			buildRules = (
			);
			dependencies = (
			);
			name = FlexboxSwiftUI;
			packageProductDependencies = (
				EBA0BF5A28AEDEEB00D1E1CB /* YogaKit */,
			);
			productName = FlexboxPlayground;
			productReference = EBA0BEE528ADFCF900D1E1CB /* FlexboxSwiftUI.app */;
			productType = "com.apple.product-type.application";
		};
		EBA0BF2B28AE5FC000D1E1CB /* FlexboxSwiftUITests */ = {
			isa = PBXNativeTarget;
			buildConfigurationList = EBA0BF3228AE5FC000D1E1CB /* Build configuration list for PBXNativeTarget "FlexboxSwiftUITests" */;
			buildPhases = (
				EBA0BF2828AE5FC000D1E1CB /* Sources */,
				EBA0BF2928AE5FC000D1E1CB /* Frameworks */,
				EBA0BF2A28AE5FC000D1E1CB /* Resources */,
			);
			buildRules = (
			);
			dependencies = (
				EBA0BF3628AE5FE200D1E1CB /* PBXTargetDependency */,
				EBA0BF3128AE5FC000D1E1CB /* PBXTargetDependency */,
			);
			name = FlexboxSwiftUITests;
			packageProductDependencies = (
				EBA0BF3728AE5FE500D1E1CB /* SnapshotTesting */,
				EBA0BF4A28AE768700D1E1CB /* ViewInspector */,
			);
			productName = FlexboxSwiftUITests;
			productReference = EBA0BF2C28AE5FC000D1E1CB /* FlexboxSwiftUITests.xctest */;
			productType = "com.apple.product-type.bundle.unit-test";
		};
/* End PBXNativeTarget section */

/* Begin PBXProject section */
		EBA0BEDD28ADFCF900D1E1CB /* Project object */ = {
			isa = PBXProject;
			attributes = {
				BuildIndependentTargetsInParallel = 1;
				LastSwiftUpdateCheck = 1340;
				LastUpgradeCheck = 1340;
				TargetAttributes = {
					EBA0BEE428ADFCF900D1E1CB = {
						CreatedOnToolsVersion = 13.4.1;
						LastSwiftMigration = 1340;
					};
					EBA0BF2B28AE5FC000D1E1CB = {
						CreatedOnToolsVersion = 13.4.1;
						TestTargetID = EBA0BEE428ADFCF900D1E1CB;
					};
				};
			};
			buildConfigurationList = EBA0BEE028ADFCF900D1E1CB /* Build configuration list for PBXProject "FlexboxSwiftUI" */;
			compatibilityVersion = "Xcode 13.0";
			developmentRegion = en;
			hasScannedForEncodings = 0;
			knownRegions = (
				en,
				Base,
			);
			mainGroup = EBA0BEDC28ADFCF900D1E1CB;
			packageReferences = (
				EBA0BF1028AE5E1900D1E1CB /* XCRemoteSwiftPackageReference "swift-snapshot-testing" */,
				EBA0BF4928AE768700D1E1CB /* XCRemoteSwiftPackageReference "ViewInspector" */,
				EBA0BF5928AEDEEB00D1E1CB /* XCRemoteSwiftPackageReference "yoga" */,
			);
			productRefGroup = EBA0BEE628ADFCF900D1E1CB /* Products */;
			projectDirPath = "";
			projectRoot = "";
			targets = (
				EBA0BEE428ADFCF900D1E1CB /* FlexboxSwiftUI */,
				EBA0BF2B28AE5FC000D1E1CB /* FlexboxSwiftUITests */,
			);
		};
/* End PBXProject section */

/* Begin PBXResourcesBuildPhase section */
		EBA0BEE328ADFCF900D1E1CB /* Resources */ = {
			isa = PBXResourcesBuildPhase;
			buildActionMask = 2147483647;
			files = (
				EBA0BEF028ADFCFA00D1E1CB /* Preview Assets.xcassets in Resources */,
				EBA0BEED28ADFCFA00D1E1CB /* Assets.xcassets in Resources */,
			);
			runOnlyForDeploymentPostprocessing = 0;
		};
		EBA0BF2A28AE5FC000D1E1CB /* Resources */ = {
			isa = PBXResourcesBuildPhase;
			buildActionMask = 2147483647;
			files = (
			);
			runOnlyForDeploymentPostprocessing = 0;
		};
/* End PBXResourcesBuildPhase section */

/* Begin PBXSourcesBuildPhase section */
		EBA0BEE128ADFCF900D1E1CB /* Sources */ = {
			isa = PBXSourcesBuildPhase;
			buildActionMask = 2147483647;
			files = (
				EB7230E428AF697800CC219E /* Size.swift in Sources */,
				EBA0BF5E28AEEBCB00D1E1CB /* Edges.swift in Sources */,
				EB7230E228AF62E800CC219E /* NodeImpl.m in Sources */,
				EBA0BF6028AEEBE200D1E1CB /* Helpers.swift in Sources */,
				EBA0BEEB28ADFCF900D1E1CB /* FlexView.swift in Sources */,
				EBA0BF6628AEEC1F00D1E1CB /* Node.swift in Sources */,
				EBA0BEF728AE0C5600D1E1CB /* HostingView.swift in Sources */,
				EBA0BF6428AEEC0A00D1E1CB /* Layout.swift in Sources */,
				EBA0BEE928ADFCF900D1E1CB /* FlexboxPlaygroundApp.swift in Sources */,
				EBA0BF6228AEEBF600D1E1CB /* InOutMutable.swift in Sources */,
				EBA0BF6828AEEC3800D1E1CB /* Style.swift in Sources */,
			);
			runOnlyForDeploymentPostprocessing = 0;
		};
		EBA0BF2828AE5FC000D1E1CB /* Sources */ = {
			isa = PBXSourcesBuildPhase;
			buildActionMask = 2147483647;
			files = (
				EB7230E728AF6EA700CC219E /* FlexPaddingTests.swift in Sources */,
				EB7230EA28AF6EA700CC219E /* FlexButtonTests.swift in Sources */,
				EB7230E828AF6EA700CC219E /* FlexDynamicSizingTests.swift in Sources */,
				EBA0BF2F28AE5FC000D1E1CB /* FlexGrowTests.swift in Sources */,
				EB7230EB28AF6EA700CC219E /* FlexMarginTests.swift in Sources */,
				EB7230E928AF6EA700CC219E /* FlexSizeTests.swift in Sources */,
				EBA0BF4D28AE770E00D1E1CB /* Inspection.swift in Sources */,
				EB7230E628AF6EA700CC219E /* FlexTextTests.swift in Sources */,
				EB36608A28AF8A9900702086 /* FlexJustifyContentTests.swift in Sources */,
				EB7230E528AF6EA200CC219E /* FlexDirectionTests.swift in Sources */,
				EBA0BF3C28AE719500D1E1CB /* Utils.swift in Sources */,
			);
			runOnlyForDeploymentPostprocessing = 0;
		};
/* End PBXSourcesBuildPhase section */

/* Begin PBXTargetDependency section */
		EBA0BF3128AE5FC000D1E1CB /* PBXTargetDependency */ = {
			isa = PBXTargetDependency;
			target = EBA0BEE428ADFCF900D1E1CB /* FlexboxSwiftUI */;
			targetProxy = EBA0BF3028AE5FC000D1E1CB /* PBXContainerItemProxy */;
		};
		EBA0BF3628AE5FE200D1E1CB /* PBXTargetDependency */ = {
			isa = PBXTargetDependency;
			productRef = EBA0BF3528AE5FE200D1E1CB /* SnapshotTesting */;
		};
/* End PBXTargetDependency section */

/* Begin XCBuildConfiguration section */
		EBA0BEF128ADFCFA00D1E1CB /* Debug */ = {
			isa = XCBuildConfiguration;
			buildSettings = {
				ALWAYS_SEARCH_USER_PATHS = NO;
				CLANG_ANALYZER_NONNULL = YES;
				CLANG_ANALYZER_NUMBER_OBJECT_CONVERSION = YES_AGGRESSIVE;
				CLANG_CXX_LANGUAGE_STANDARD = "gnu++17";
				CLANG_ENABLE_MODULES = YES;
				CLANG_ENABLE_OBJC_ARC = YES;
				CLANG_ENABLE_OBJC_WEAK = YES;
				CLANG_WARN_BLOCK_CAPTURE_AUTORELEASING = YES;
				CLANG_WARN_BOOL_CONVERSION = YES;
				CLANG_WARN_COMMA = YES;
				CLANG_WARN_CONSTANT_CONVERSION = YES;
				CLANG_WARN_DEPRECATED_OBJC_IMPLEMENTATIONS = YES;
				CLANG_WARN_DIRECT_OBJC_ISA_USAGE = YES_ERROR;
				CLANG_WARN_DOCUMENTATION_COMMENTS = YES;
				CLANG_WARN_EMPTY_BODY = YES;
				CLANG_WARN_ENUM_CONVERSION = YES;
				CLANG_WARN_INFINITE_RECURSION = YES;
				CLANG_WARN_INT_CONVERSION = YES;
				CLANG_WARN_NON_LITERAL_NULL_CONVERSION = YES;
				CLANG_WARN_OBJC_IMPLICIT_RETAIN_SELF = YES;
				CLANG_WARN_OBJC_LITERAL_CONVERSION = YES;
				CLANG_WARN_OBJC_ROOT_CLASS = YES_ERROR;
				CLANG_WARN_QUOTED_INCLUDE_IN_FRAMEWORK_HEADER = YES;
				CLANG_WARN_RANGE_LOOP_ANALYSIS = YES;
				CLANG_WARN_STRICT_PROTOTYPES = YES;
				CLANG_WARN_SUSPICIOUS_MOVE = YES;
				CLANG_WARN_UNGUARDED_AVAILABILITY = YES_AGGRESSIVE;
				CLANG_WARN_UNREACHABLE_CODE = YES;
				CLANG_WARN__DUPLICATE_METHOD_MATCH = YES;
				COPY_PHASE_STRIP = NO;
				DEBUG_INFORMATION_FORMAT = dwarf;
				ENABLE_STRICT_OBJC_MSGSEND = YES;
				ENABLE_TESTABILITY = YES;
				GCC_C_LANGUAGE_STANDARD = gnu11;
				GCC_DYNAMIC_NO_PIC = NO;
				GCC_NO_COMMON_BLOCKS = YES;
				GCC_OPTIMIZATION_LEVEL = 0;
				GCC_PREPROCESSOR_DEFINITIONS = (
					"DEBUG=1",
					"$(inherited)",
				);
				GCC_WARN_64_TO_32_BIT_CONVERSION = YES;
				GCC_WARN_ABOUT_RETURN_TYPE = YES_ERROR;
				GCC_WARN_UNDECLARED_SELECTOR = YES;
				GCC_WARN_UNINITIALIZED_AUTOS = YES_AGGRESSIVE;
				GCC_WARN_UNUSED_FUNCTION = YES;
				GCC_WARN_UNUSED_VARIABLE = YES;
				IPHONEOS_DEPLOYMENT_TARGET = 15.5;
				MTL_ENABLE_DEBUG_INFO = INCLUDE_SOURCE;
				MTL_FAST_MATH = YES;
				ONLY_ACTIVE_ARCH = YES;
				SDKROOT = iphoneos;
				SWIFT_ACTIVE_COMPILATION_CONDITIONS = DEBUG;
				SWIFT_OPTIMIZATION_LEVEL = "-Onone";
			};
			name = Debug;
		};
		EBA0BEF228ADFCFA00D1E1CB /* Release */ = {
			isa = XCBuildConfiguration;
			buildSettings = {
				ALWAYS_SEARCH_USER_PATHS = NO;
				CLANG_ANALYZER_NONNULL = YES;
				CLANG_ANALYZER_NUMBER_OBJECT_CONVERSION = YES_AGGRESSIVE;
				CLANG_CXX_LANGUAGE_STANDARD = "gnu++17";
				CLANG_ENABLE_MODULES = YES;
				CLANG_ENABLE_OBJC_ARC = YES;
				CLANG_ENABLE_OBJC_WEAK = YES;
				CLANG_WARN_BLOCK_CAPTURE_AUTORELEASING = YES;
				CLANG_WARN_BOOL_CONVERSION = YES;
				CLANG_WARN_COMMA = YES;
				CLANG_WARN_CONSTANT_CONVERSION = YES;
				CLANG_WARN_DEPRECATED_OBJC_IMPLEMENTATIONS = YES;
				CLANG_WARN_DIRECT_OBJC_ISA_USAGE = YES_ERROR;
				CLANG_WARN_DOCUMENTATION_COMMENTS = YES;
				CLANG_WARN_EMPTY_BODY = YES;
				CLANG_WARN_ENUM_CONVERSION = YES;
				CLANG_WARN_INFINITE_RECURSION = YES;
				CLANG_WARN_INT_CONVERSION = YES;
				CLANG_WARN_NON_LITERAL_NULL_CONVERSION = YES;
				CLANG_WARN_OBJC_IMPLICIT_RETAIN_SELF = YES;
				CLANG_WARN_OBJC_LITERAL_CONVERSION = YES;
				CLANG_WARN_OBJC_ROOT_CLASS = YES_ERROR;
				CLANG_WARN_QUOTED_INCLUDE_IN_FRAMEWORK_HEADER = YES;
				CLANG_WARN_RANGE_LOOP_ANALYSIS = YES;
				CLANG_WARN_STRICT_PROTOTYPES = YES;
				CLANG_WARN_SUSPICIOUS_MOVE = YES;
				CLANG_WARN_UNGUARDED_AVAILABILITY = YES_AGGRESSIVE;
				CLANG_WARN_UNREACHABLE_CODE = YES;
				CLANG_WARN__DUPLICATE_METHOD_MATCH = YES;
				COPY_PHASE_STRIP = NO;
				DEBUG_INFORMATION_FORMAT = "dwarf-with-dsym";
				ENABLE_NS_ASSERTIONS = NO;
				ENABLE_STRICT_OBJC_MSGSEND = YES;
				GCC_C_LANGUAGE_STANDARD = gnu11;
				GCC_NO_COMMON_BLOCKS = YES;
				GCC_WARN_64_TO_32_BIT_CONVERSION = YES;
				GCC_WARN_ABOUT_RETURN_TYPE = YES_ERROR;
				GCC_WARN_UNDECLARED_SELECTOR = YES;
				GCC_WARN_UNINITIALIZED_AUTOS = YES_AGGRESSIVE;
				GCC_WARN_UNUSED_FUNCTION = YES;
				GCC_WARN_UNUSED_VARIABLE = YES;
				IPHONEOS_DEPLOYMENT_TARGET = 15.5;
				MTL_ENABLE_DEBUG_INFO = NO;
				MTL_FAST_MATH = YES;
				SDKROOT = iphoneos;
				SWIFT_COMPILATION_MODE = wholemodule;
				SWIFT_OPTIMIZATION_LEVEL = "-O";
				VALIDATE_PRODUCT = YES;
			};
			name = Release;
		};
		EBA0BEF428ADFCFA00D1E1CB /* Debug */ = {
			isa = XCBuildConfiguration;
			buildSettings = {
				ASSETCATALOG_COMPILER_APPICON_NAME = AppIcon;
				ASSETCATALOG_COMPILER_GLOBAL_ACCENT_COLOR_NAME = AccentColor;
				CLANG_ENABLE_MODULES = YES;
				CODE_SIGN_STYLE = Automatic;
				CURRENT_PROJECT_VERSION = 1;
				DEVELOPMENT_ASSET_PATHS = "\"FlexboxSwiftUI/Preview Content\"";
				DEVELOPMENT_TEAM = AW656G5PFM;
				ENABLE_PREVIEWS = YES;
				GENERATE_INFOPLIST_FILE = YES;
				INFOPLIST_KEY_UIApplicationSceneManifest_Generation = YES;
				INFOPLIST_KEY_UIApplicationSupportsIndirectInputEvents = YES;
				INFOPLIST_KEY_UILaunchScreen_Generation = YES;
				INFOPLIST_KEY_UISupportedInterfaceOrientations_iPad = "UIInterfaceOrientationPortrait UIInterfaceOrientationPortraitUpsideDown UIInterfaceOrientationLandscapeLeft UIInterfaceOrientationLandscapeRight";
				INFOPLIST_KEY_UISupportedInterfaceOrientations_iPhone = "UIInterfaceOrientationPortrait UIInterfaceOrientationLandscapeLeft UIInterfaceOrientationLandscapeRight";
				IPHONEOS_DEPLOYMENT_TARGET = 15.2;
				LD_RUNPATH_SEARCH_PATHS = (
					"$(inherited)",
					"@executable_path/Frameworks",
				);
				MARKETING_VERSION = 1.0;
				PRODUCT_BUNDLE_IDENTIFIER = com.hedvig.FlexboxSwiftUI;
				PRODUCT_NAME = FlexboxSwiftUI;
				SWIFT_EMIT_LOC_STRINGS = YES;
				SWIFT_OBJC_BRIDGING_HEADER = "FlexboxSwiftUI/Utils/FlexboxSwiftUI-Bridging-Header.h";
				SWIFT_OPTIMIZATION_LEVEL = "-Onone";
				SWIFT_VERSION = 5.0;
				TARGETED_DEVICE_FAMILY = "1,2";
			};
			name = Debug;
		};
		EBA0BEF528ADFCFA00D1E1CB /* Release */ = {
			isa = XCBuildConfiguration;
			buildSettings = {
				ASSETCATALOG_COMPILER_APPICON_NAME = AppIcon;
				ASSETCATALOG_COMPILER_GLOBAL_ACCENT_COLOR_NAME = AccentColor;
				CLANG_ENABLE_MODULES = YES;
				CODE_SIGN_STYLE = Automatic;
				CURRENT_PROJECT_VERSION = 1;
				DEVELOPMENT_ASSET_PATHS = "\"FlexboxSwiftUI/Preview Content\"";
				DEVELOPMENT_TEAM = AW656G5PFM;
				ENABLE_PREVIEWS = YES;
				GENERATE_INFOPLIST_FILE = YES;
				INFOPLIST_KEY_UIApplicationSceneManifest_Generation = YES;
				INFOPLIST_KEY_UIApplicationSupportsIndirectInputEvents = YES;
				INFOPLIST_KEY_UILaunchScreen_Generation = YES;
				INFOPLIST_KEY_UISupportedInterfaceOrientations_iPad = "UIInterfaceOrientationPortrait UIInterfaceOrientationPortraitUpsideDown UIInterfaceOrientationLandscapeLeft UIInterfaceOrientationLandscapeRight";
				INFOPLIST_KEY_UISupportedInterfaceOrientations_iPhone = "UIInterfaceOrientationPortrait UIInterfaceOrientationLandscapeLeft UIInterfaceOrientationLandscapeRight";
				IPHONEOS_DEPLOYMENT_TARGET = 15.2;
				LD_RUNPATH_SEARCH_PATHS = (
					"$(inherited)",
					"@executable_path/Frameworks",
				);
				MARKETING_VERSION = 1.0;
				PRODUCT_BUNDLE_IDENTIFIER = com.hedvig.FlexboxSwiftUI;
				PRODUCT_NAME = FlexboxSwiftUI;
				SWIFT_EMIT_LOC_STRINGS = YES;
				SWIFT_OBJC_BRIDGING_HEADER = "FlexboxSwiftUI/Utils/FlexboxSwiftUI-Bridging-Header.h";
				SWIFT_VERSION = 5.0;
				TARGETED_DEVICE_FAMILY = "1,2";
			};
			name = Release;
		};
		EBA0BF3328AE5FC000D1E1CB /* Debug */ = {
			isa = XCBuildConfiguration;
			buildSettings = {
				BUNDLE_LOADER = "$(TEST_HOST)";
				CODE_SIGN_STYLE = Automatic;
				CURRENT_PROJECT_VERSION = 1;
				DEVELOPMENT_TEAM = AW656G5PFM;
				GENERATE_INFOPLIST_FILE = YES;
				MARKETING_VERSION = 1.0;
				PRODUCT_BUNDLE_IDENTIFIER = com.hedvig.FlexboxSwiftUITests;
				PRODUCT_NAME = "$(TARGET_NAME)";
				SWIFT_EMIT_LOC_STRINGS = NO;
				SWIFT_VERSION = 5.0;
				TARGETED_DEVICE_FAMILY = "1,2";
				TEST_HOST = "$(BUILT_PRODUCTS_DIR)/FlexboxSwiftUI.app/FlexboxSwiftUI";
			};
			name = Debug;
		};
		EBA0BF3428AE5FC000D1E1CB /* Release */ = {
			isa = XCBuildConfiguration;
			buildSettings = {
				BUNDLE_LOADER = "$(TEST_HOST)";
				CODE_SIGN_STYLE = Automatic;
				CURRENT_PROJECT_VERSION = 1;
				DEVELOPMENT_TEAM = AW656G5PFM;
				GENERATE_INFOPLIST_FILE = YES;
				MARKETING_VERSION = 1.0;
				PRODUCT_BUNDLE_IDENTIFIER = com.hedvig.FlexboxSwiftUITests;
				PRODUCT_NAME = "$(TARGET_NAME)";
				SWIFT_EMIT_LOC_STRINGS = NO;
				SWIFT_VERSION = 5.0;
				TARGETED_DEVICE_FAMILY = "1,2";
				TEST_HOST = "$(BUILT_PRODUCTS_DIR)/FlexboxSwiftUI.app/FlexboxSwiftUI";
			};
			name = Release;
		};
/* End XCBuildConfiguration section */

/* Begin XCConfigurationList section */
		EBA0BEE028ADFCF900D1E1CB /* Build configuration list for PBXProject "FlexboxSwiftUI" */ = {
			isa = XCConfigurationList;
			buildConfigurations = (
				EBA0BEF128ADFCFA00D1E1CB /* Debug */,
				EBA0BEF228ADFCFA00D1E1CB /* Release */,
			);
			defaultConfigurationIsVisible = 0;
			defaultConfigurationName = Release;
		};
		EBA0BEF328ADFCFA00D1E1CB /* Build configuration list for PBXNativeTarget "FlexboxSwiftUI" */ = {
			isa = XCConfigurationList;
			buildConfigurations = (
				EBA0BEF428ADFCFA00D1E1CB /* Debug */,
				EBA0BEF528ADFCFA00D1E1CB /* Release */,
			);
			defaultConfigurationIsVisible = 0;
			defaultConfigurationName = Release;
		};
		EBA0BF3228AE5FC000D1E1CB /* Build configuration list for PBXNativeTarget "FlexboxSwiftUITests" */ = {
			isa = XCConfigurationList;
			buildConfigurations = (
				EBA0BF3328AE5FC000D1E1CB /* Debug */,
				EBA0BF3428AE5FC000D1E1CB /* Release */,
			);
			defaultConfigurationIsVisible = 0;
			defaultConfigurationName = Release;
		};
/* End XCConfigurationList section */

/* Begin XCRemoteSwiftPackageReference section */
		EBA0BF1028AE5E1900D1E1CB /* XCRemoteSwiftPackageReference "swift-snapshot-testing" */ = {
			isa = XCRemoteSwiftPackageReference;
			repositoryURL = "https://github.com/pointfreeco/swift-snapshot-testing.git";
			requirement = {
				kind = upToNextMajorVersion;
				minimumVersion = 1.0.0;
			};
		};
		EBA0BF4928AE768700D1E1CB /* XCRemoteSwiftPackageReference "ViewInspector" */ = {
			isa = XCRemoteSwiftPackageReference;
			repositoryURL = "https://github.com/nalexn/ViewInspector.git";
			requirement = {
				kind = upToNextMajorVersion;
				minimumVersion = 0.9.1;
			};
		};
		EBA0BF5928AEDEEB00D1E1CB /* XCRemoteSwiftPackageReference "yoga" */ = {
			isa = XCRemoteSwiftPackageReference;
			repositoryURL = "https://github.com/ZupIT/yoga";
			requirement = {
				kind = upToNextMajorVersion;
				minimumVersion = 1.0.0;
			};
		};
/* End XCRemoteSwiftPackageReference section */

/* Begin XCSwiftPackageProductDependency section */
		EBA0BF3528AE5FE200D1E1CB /* SnapshotTesting */ = {
			isa = XCSwiftPackageProductDependency;
			package = EBA0BF1028AE5E1900D1E1CB /* XCRemoteSwiftPackageReference "swift-snapshot-testing" */;
			productName = SnapshotTesting;
		};
		EBA0BF3728AE5FE500D1E1CB /* SnapshotTesting */ = {
			isa = XCSwiftPackageProductDependency;
			package = EBA0BF1028AE5E1900D1E1CB /* XCRemoteSwiftPackageReference "swift-snapshot-testing" */;
			productName = SnapshotTesting;
		};
		EBA0BF4A28AE768700D1E1CB /* ViewInspector */ = {
			isa = XCSwiftPackageProductDependency;
			package = EBA0BF4928AE768700D1E1CB /* XCRemoteSwiftPackageReference "ViewInspector" */;
			productName = ViewInspector;
		};
		EBA0BF5A28AEDEEB00D1E1CB /* YogaKit */ = {
			isa = XCSwiftPackageProductDependency;
			package = EBA0BF5928AEDEEB00D1E1CB /* XCRemoteSwiftPackageReference "yoga" */;
			productName = YogaKit;
		};
/* End XCSwiftPackageProductDependency section */
	};
	rootObject = EBA0BEDD28ADFCF900D1E1CB /* Project object */;
}
